// !$*UTF8*$!
{
	archiveVersion = 1;
	classes = {
	};
	objectVersion = 55;
	objects = {

/* Begin PBXBuildFile section */
		E0019D272BC6E68100DABECB /* hi_click.wav in Resources */ = {isa = PBXBuildFile; fileRef = E0019D252BC6E68100DABECB /* hi_click.wav */; };
		E0019D282BC6E68100DABECB /* lo_click.wav in Resources */ = {isa = PBXBuildFile; fileRef = E0019D262BC6E68100DABECB /* lo_click.wav */; };
		E0019D2B2BC7257000DABECB /* SwiftUIIntrospect in Frameworks */ = {isa = PBXBuildFile; productRef = E0019D2A2BC7257000DABECB /* SwiftUIIntrospect */; };
		E004F4262A69C2D40089B6DF /* PlayView.swift in Sources */ = {isa = PBXBuildFile; fileRef = E004F4252A69C2D40089B6DF /* PlayView.swift */; };
		E006A0572A2146EE00CE468A /* RecentlyDeletedView.swift in Sources */ = {isa = PBXBuildFile; fileRef = E006A0562A2146EE00CE468A /* RecentlyDeletedView.swift */; };
		E006A0592A214CAA00CE468A /* RecentlyDeletedSong.swift in Sources */ = {isa = PBXBuildFile; fileRef = E006A0582A214CAA00CE468A /* RecentlyDeletedSong.swift */; };
		E00E845D2B222AEB00573A9F /* StoreKitManager.swift in Sources */ = {isa = PBXBuildFile; fileRef = E00E845C2B222AEB00573A9F /* StoreKitManager.swift */; };
		E00E845F2B225C1000573A9F /* InAppPurchases.plist in Resources */ = {isa = PBXBuildFile; fileRef = E00E845E2B225C1000573A9F /* InAppPurchases.plist */; };
		E0106C842A1EA1A1007D99DF /* MoveRowView.swift in Sources */ = {isa = PBXBuildFile; fileRef = E0106C832A1EA1A0007D99DF /* MoveRowView.swift */; };
		E01520E22A872EF4005C4F8C /* AddSongsView.swift in Sources */ = {isa = PBXBuildFile; fileRef = E01520E12A872EF4005C4F8C /* AddSongsView.swift */; };
		E0176EA72A5491BC00B6AA69 /* NetworkManager.swift in Sources */ = {isa = PBXBuildFile; fileRef = E0176EA62A5491BB00B6AA69 /* NetworkManager.swift */; };
		E01EB4452B20CA3A009C48F2 /* remote_config_defaults.plist in Resources */ = {isa = PBXBuildFile; fileRef = E01EB4442B20CA3A009C48F2 /* remote_config_defaults.plist */; };
		E02735A52B1FD4D70010C77D /* GoogleService-Info.plist in Resources */ = {isa = PBXBuildFile; fileRef = E02735A42B1FD4D70010C77D /* GoogleService-Info.plist */; };
		E02F21E52B21130600302646 /* AdBannerView.swift in Sources */ = {isa = PBXBuildFile; fileRef = E02F21E42B21130600302646 /* AdBannerView.swift */; };
		E03540F92BC05A3400273830 /* FirebaseAnalytics in Frameworks */ = {isa = PBXBuildFile; productRef = E03540F82BC05A3400273830 /* FirebaseAnalytics */; };
		E03540FB2BC05A3400273830 /* FirebaseAuth in Frameworks */ = {isa = PBXBuildFile; productRef = E03540FA2BC05A3400273830 /* FirebaseAuth */; };
		E03540FD2BC05A3400273830 /* FirebaseFirestore in Frameworks */ = {isa = PBXBuildFile; productRef = E03540FC2BC05A3400273830 /* FirebaseFirestore */; };
		E03540FF2BC05A3400273830 /* FirebaseFirestoreSwift in Frameworks */ = {isa = PBXBuildFile; productRef = E03540FE2BC05A3400273830 /* FirebaseFirestoreSwift */; };
		E03541012BC05A3400273830 /* FirebaseMessaging in Frameworks */ = {isa = PBXBuildFile; productRef = E03541002BC05A3400273830 /* FirebaseMessaging */; };
		E03541032BC05A3400273830 /* FirebaseRemoteConfig in Frameworks */ = {isa = PBXBuildFile; productRef = E03541022BC05A3400273830 /* FirebaseRemoteConfig */; };
		E03541052BC05A3400273830 /* FirebaseRemoteConfigSwift in Frameworks */ = {isa = PBXBuildFile; productRef = E03541042BC05A3400273830 /* FirebaseRemoteConfigSwift */; };
		E03BC0932B5C232B004261AF /* ChooseAuthView.swift in Sources */ = {isa = PBXBuildFile; fileRef = E03BC0922B5C232B004261AF /* ChooseAuthView.swift */; };
		E041055F2A90029900215FB0 /* HapticManager.swift in Sources */ = {isa = PBXBuildFile; fileRef = E041055E2A90029900215FB0 /* HapticManager.swift */; };
		E042474E2A02EF4E00CA48B3 /* LyricsApp.swift in Sources */ = {isa = PBXBuildFile; fileRef = E042474D2A02EF4E00CA48B3 /* LyricsApp.swift */; };
		E04247502A02EF4E00CA48B3 /* ContentView.swift in Sources */ = {isa = PBXBuildFile; fileRef = E042474F2A02EF4E00CA48B3 /* ContentView.swift */; };
		E04247522A02EF4F00CA48B3 /* Assets.xcassets in Resources */ = {isa = PBXBuildFile; fileRef = E04247512A02EF4F00CA48B3 /* Assets.xcassets */; };
		E04247562A02EF4F00CA48B3 /* Preview Assets.xcassets in Resources */ = {isa = PBXBuildFile; fileRef = E04247552A02EF4F00CA48B3 /* Preview Assets.xcassets */; };
		E04247602A02EF4F00CA48B3 /* LyricsTests.swift in Sources */ = {isa = PBXBuildFile; fileRef = E042475F2A02EF4F00CA48B3 /* LyricsTests.swift */; };
		E042476A2A02EF4F00CA48B3 /* LyricsUITests.swift in Sources */ = {isa = PBXBuildFile; fileRef = E04247692A02EF4F00CA48B3 /* LyricsUITests.swift */; };
		E042476C2A02EF4F00CA48B3 /* LyricsUITestsLaunchTests.swift in Sources */ = {isa = PBXBuildFile; fileRef = E042476B2A02EF4F00CA48B3 /* LyricsUITestsLaunchTests.swift */; };
		E042477F2A02EF8F00CA48B3 /* SongDetailView.swift in Sources */ = {isa = PBXBuildFile; fileRef = E042477E2A02EF8F00CA48B3 /* SongDetailView.swift */; };
		E04247822A02EFC500CA48B3 /* Song.swift in Sources */ = {isa = PBXBuildFile; fileRef = E04247812A02EFC500CA48B3 /* Song.swift */; };
		E04247972A02F5FB00CA48B3 /* AuthViewModel.swift in Sources */ = {isa = PBXBuildFile; fileRef = E04247922A02F5FA00CA48B3 /* AuthViewModel.swift */; };
		E04247982A02F5FB00CA48B3 /* RegistrationView.swift in Sources */ = {isa = PBXBuildFile; fileRef = E04247942A02F5FA00CA48B3 /* RegistrationView.swift */; };
		E04247992A02F5FB00CA48B3 /* LoginView.swift in Sources */ = {isa = PBXBuildFile; fileRef = E04247952A02F5FB00CA48B3 /* LoginView.swift */; };
		E04247AF2A02F6B500CA48B3 /* UserService.swift in Sources */ = {isa = PBXBuildFile; fileRef = E04247AB2A02F6B500CA48B3 /* UserService.swift */; };
		E04247B32A02F6DF00CA48B3 /* User.swift in Sources */ = {isa = PBXBuildFile; fileRef = E04247B22A02F6DF00CA48B3 /* User.swift */; };
		E045BE232AF992FE00FC3EF1 /* ToolsView.swift in Sources */ = {isa = PBXBuildFile; fileRef = E045BE222AF992FE00FC3EF1 /* ToolsView.swift */; };
		E04CB96A2BCB5FE100F2831B /* SongShareDetailView.swift in Sources */ = {isa = PBXBuildFile; fileRef = E04CB9662BCB5FE100F2831B /* SongShareDetailView.swift */; };
		E04CB96B2BCB5FE100F2831B /* SongShareRowView.swift in Sources */ = {isa = PBXBuildFile; fileRef = E04CB9672BCB5FE100F2831B /* SongShareRowView.swift */; };
		E04CB96C2BCB5FE100F2831B /* ShareView.swift in Sources */ = {isa = PBXBuildFile; fileRef = E04CB9682BCB5FE100F2831B /* ShareView.swift */; };
		E04CB96E2BCB618C00F2831B /* ShareRequest.swift in Sources */ = {isa = PBXBuildFile; fileRef = E04CB96D2BCB618C00F2831B /* ShareRequest.swift */; };
		E04FB1162A17D356002FEEA4 /* SettingsView.swift in Sources */ = {isa = PBXBuildFile; fileRef = E04FB1152A17D356002FEEA4 /* SettingsView.swift */; };
		E04FB1192A17D6F0002FEEA4 /* ProfileViewModel.swift in Sources */ = {isa = PBXBuildFile; fileRef = E04FB1182A17D6F0002FEEA4 /* ProfileViewModel.swift */; };
		E050D1592A03031B004CC45E /* MenuView.swift in Sources */ = {isa = PBXBuildFile; fileRef = E050D1582A03031B004CC45E /* MenuView.swift */; };
		E050D15E2A030368004CC45E /* Extensions.swift in Sources */ = {isa = PBXBuildFile; fileRef = E050D15D2A030368004CC45E /* Extensions.swift */; };
		E052264D2A1BB1CF00ECF255 /* FolderEditView.swift in Sources */ = {isa = PBXBuildFile; fileRef = E052264C2A1BB1CF00ECF255 /* FolderEditView.swift */; };
		E05226522A1BBCFC00ECF255 /* SongMoveView.swift in Sources */ = {isa = PBXBuildFile; fileRef = E05226512A1BBCFC00ECF255 /* SongMoveView.swift */; };
		E05B9A7B2BCED9CB000292FA /* SharedSong.swift in Sources */ = {isa = PBXBuildFile; fileRef = E05B9A792BCED9CB000292FA /* SharedSong.swift */; };
		E05B9A7C2BCED9CB000292FA /* SharedFolder.swift in Sources */ = {isa = PBXBuildFile; fileRef = E05B9A7A2BCED9CB000292FA /* SharedFolder.swift */; };
		E05B9A7E2BCF2351000292FA /* FolderSong.swift in Sources */ = {isa = PBXBuildFile; fileRef = E05B9A7D2BCF2351000292FA /* FolderSong.swift */; };
		E06076B82A94BB5200ECB31F /* NotificationManager.swift in Sources */ = {isa = PBXBuildFile; fileRef = E06076B72A94BB5200ECB31F /* NotificationManager.swift */; };
		E06076BA2A94C1DD00ECB31F /* SystemDoc.swift in Sources */ = {isa = PBXBuildFile; fileRef = E06076B92A94C1DD00ECB31F /* SystemDoc.swift */; };
		E065D20C2B449BF900F035F7 /* SortSelectionEnum.swift in Sources */ = {isa = PBXBuildFile; fileRef = E065D20B2B449BF900F035F7 /* SortSelectionEnum.swift */; };
		E065D20F2B449E4500F035F7 /* SortViewModel.swift in Sources */ = {isa = PBXBuildFile; fileRef = E065D20E2B449E4500F035F7 /* SortViewModel.swift */; };
		E06D77842A17CAA50032332F /* EditPasswordView.swift in Sources */ = {isa = PBXBuildFile; fileRef = E06D77832A17CAA50032332F /* EditPasswordView.swift */; };
		E06D77892A17CF310032332F /* SettingsViewModel.swift in Sources */ = {isa = PBXBuildFile; fileRef = E06D77882A17CF310032332F /* SettingsViewModel.swift */; };
		E075DDC52AF43CBE00AE8C9D /* ScrollViewWrapper.swift in Sources */ = {isa = PBXBuildFile; fileRef = E075DDC42AF43CBE00AE8C9D /* ScrollViewWrapper.swift */; };
		E079AE372A81928B006C4B55 /* NewPlayViewView.swift in Sources */ = {isa = PBXBuildFile; fileRef = E079AE362A81928B006C4B55 /* NewPlayViewView.swift */; };
		E0867CEE2BD57812005605CD /* SongDetailMenuView.swift in Sources */ = {isa = PBXBuildFile; fileRef = E0867CED2BD57812005605CD /* SongDetailMenuView.swift */; };
		E0867CF12BD5989B005605CD /* BottomSheet in Frameworks */ = {isa = PBXBuildFile; productRef = E0867CF02BD5989B005605CD /* BottomSheet */; };
		E0986BE82B2B50C400CE938B /* icons.json in Resources */ = {isa = PBXBuildFile; fileRef = E0986BE72B2B50C400CE938B /* icons.json */; };
		E0986BF52B2B516900CE938B /* Font Awesome 6 Pro-Solid-900.otf in Resources */ = {isa = PBXBuildFile; fileRef = E0986BF42B2B512500CE938B /* Font Awesome 6 Pro-Solid-900.otf */; };
		E0986BF62B2B516900CE938B /* Font Awesome 6 Sharp-Solid-900.otf in Resources */ = {isa = PBXBuildFile; fileRef = E0986BEA2B2B512300CE938B /* Font Awesome 6 Sharp-Solid-900.otf */; };
		E0986BF72B2B516900CE938B /* Font Awesome 6 Pro-Thin-100.otf in Resources */ = {isa = PBXBuildFile; fileRef = E0986BF02B2B512400CE938B /* Font Awesome 6 Pro-Thin-100.otf */; };
		E0986BF82B2B516900CE938B /* Font Awesome 6 Pro-Light-300.otf in Resources */ = {isa = PBXBuildFile; fileRef = E0986BEE2B2B512400CE938B /* Font Awesome 6 Pro-Light-300.otf */; };
		E0986BF92B2B516900CE938B /* Font Awesome 6 Sharp-Thin-100.otf in Resources */ = {isa = PBXBuildFile; fileRef = E0986BF22B2B512500CE938B /* Font Awesome 6 Sharp-Thin-100.otf */; };
		E0986BFA2B2B516900CE938B /* Font Awesome 6 Pro-Regular-400.otf in Resources */ = {isa = PBXBuildFile; fileRef = E0986BEB2B2B512300CE938B /* Font Awesome 6 Pro-Regular-400.otf */; };
		E0986BFB2B2B516900CE938B /* Font Awesome 6 Sharp-Regular-400.otf in Resources */ = {isa = PBXBuildFile; fileRef = E0986BF12B2B512400CE938B /* Font Awesome 6 Sharp-Regular-400.otf */; };
		E0986BFC2B2B516900CE938B /* Font Awesome 6 Sharp-Light-300.otf in Resources */ = {isa = PBXBuildFile; fileRef = E0986BEF2B2B512400CE938B /* Font Awesome 6 Sharp-Light-300.otf */; };
		E0986BFD2B2B516900CE938B /* Font Awesome 6 Duotone-Solid-900.otf in Resources */ = {isa = PBXBuildFile; fileRef = E0986BED2B2B512300CE938B /* Font Awesome 6 Duotone-Solid-900.otf */; };
		E0986BFE2B2B516900CE938B /* Font Awesome 6 Brands-Regular-400.otf in Resources */ = {isa = PBXBuildFile; fileRef = E0986BEC2B2B512300CE938B /* Font Awesome 6 Brands-Regular-400.otf */; };
		E0A567E62AE8BE13007313FC /* Localizable.strings in Resources */ = {isa = PBXBuildFile; fileRef = E0A567E82AE8BE13007313FC /* Localizable.strings */; };
		E0A5A4B02A0A8F9C00AF8EBF /* WebView.swift in Sources */ = {isa = PBXBuildFile; fileRef = E0A5A4AF2A0A8F9C00AF8EBF /* WebView.swift */; };
		E0A8F5062BD06887009275A2 /* Version.swift in Sources */ = {isa = PBXBuildFile; fileRef = E0A8F5052BD06887009275A2 /* Version.swift */; };
		E0B02B952AF572F8002E10D4 /* TipKit.swift in Sources */ = {isa = PBXBuildFile; fileRef = E0B02B942AF572F8002E10D4 /* TipKit.swift */; };
		E0B02B9C2AF592F2002E10D4 /* ShowWhatsNew.swift in Sources */ = {isa = PBXBuildFile; fileRef = E0B02B9B2AF592F2002E10D4 /* ShowWhatsNew.swift */; };
		E0B02B9F2AF5A389002E10D4 /* FeaturesView.swift in Sources */ = {isa = PBXBuildFile; fileRef = E0B02B9E2AF5A389002E10D4 /* FeaturesView.swift */; };
		E0B094BD2BD220E500F92BE6 /* SongVariation.swift in Sources */ = {isa = PBXBuildFile; fileRef = E0B094BC2BD220E500F92BE6 /* SongVariation.swift */; };
		E0B094BF2BD2252700F92BE6 /* NewSongVariationView.swift in Sources */ = {isa = PBXBuildFile; fileRef = E0B094BE2BD2252700F92BE6 /* NewSongVariationView.swift */; };
		E0B4CF1C2BD2F01D00F143E9 /* SongVariationEditView.swift in Sources */ = {isa = PBXBuildFile; fileRef = E0B4CF1B2BD2F01D00F143E9 /* SongVariationEditView.swift */; };
		E0B695542A141E7700FAAD5A /* ResetPasswordView.swift in Sources */ = {isa = PBXBuildFile; fileRef = E0B695532A141E7700FAAD5A /* ResetPasswordView.swift */; };
		E0C078282B4463FB00F91287 /* SortView.swift in Sources */ = {isa = PBXBuildFile; fileRef = E0C078272B4463FB00F91287 /* SortView.swift */; };
		E0C138E02BBCAB12003C0D10 /* GoogleMobileAds in Frameworks */ = {isa = PBXBuildFile; productRef = E0C138DF2BBCAB12003C0D10 /* GoogleMobileAds */; };
		E0C139EA2BCA30B300317A7B /* FolderSongDropViewDelegate.swift in Sources */ = {isa = PBXBuildFile; fileRef = E0C139E92BCA30B300317A7B /* FolderSongDropViewDelegate.swift */; };
		E0C492E52A0BDFC6002E9EA0 /* Folder.swift in Sources */ = {isa = PBXBuildFile; fileRef = E0C492E42A0BDFC6002E9EA0 /* Folder.swift */; };
		E0CA78BC2BC5A381004CEA73 /* RecentlyDeletedViewModel.swift in Sources */ = {isa = PBXBuildFile; fileRef = E0CA78BB2BC5A380004CEA73 /* RecentlyDeletedViewModel.swift */; };
		E0CA85302B081D5100188CD0 /* AlertView.swift in Sources */ = {isa = PBXBuildFile; fileRef = E0CA85142B081D5100188CD0 /* AlertView.swift */; };
		E0CA85312B081D5100188CD0 /* ListRowView.swift in Sources */ = {isa = PBXBuildFile; fileRef = E0CA85162B081D5100188CD0 /* ListRowView.swift */; };
		E0CA85342B081D5100188CD0 /* SheetCloseButton.swift in Sources */ = {isa = PBXBuildFile; fileRef = E0CA851A2B081D5100188CD0 /* SheetCloseButton.swift */; };
		E0CA85352B081D5100188CD0 /* CustomNavBar.swift in Sources */ = {isa = PBXBuildFile; fileRef = E0CA851C2B081D5100188CD0 /* CustomNavBar.swift */; };
		E0CA85362B081D5100188CD0 /* CustomSearchBar.swift in Sources */ = {isa = PBXBuildFile; fileRef = E0CA851D2B081D5100188CD0 /* CustomSearchBar.swift */; };
		E0CA85372B081D5100188CD0 /* NavBarEnum.swift in Sources */ = {isa = PBXBuildFile; fileRef = E0CA851F2B081D5100188CD0 /* NavBarEnum.swift */; };
		E0CA85382B081D5100188CD0 /* Modifers.swift in Sources */ = {isa = PBXBuildFile; fileRef = E0CA85202B081D5100188CD0 /* Modifers.swift */; };
		E0CA85392B081D5100188CD0 /* LoadingView.swift in Sources */ = {isa = PBXBuildFile; fileRef = E0CA85232B081D5100188CD0 /* LoadingView.swift */; };
		E0CA853A2B081D5100188CD0 /* CustomTextField.swift in Sources */ = {isa = PBXBuildFile; fileRef = E0CA85252B081D5100188CD0 /* CustomTextField.swift */; };
		E0CA853B2B081D5100188CD0 /* CustomPasswordField.swift in Sources */ = {isa = PBXBuildFile; fileRef = E0CA85262B081D5100188CD0 /* CustomPasswordField.swift */; };
		E0CA853D2B081D5100188CD0 /* ListIconButtonView.swift in Sources */ = {isa = PBXBuildFile; fileRef = E0CA85292B081D5100188CD0 /* ListIconButtonView.swift */; };
		E0CA853E2B081D5100188CD0 /* ListEditButtonView.swift in Sources */ = {isa = PBXBuildFile; fileRef = E0CA852A2B081D5100188CD0 /* ListEditButtonView.swift */; };
		E0CA853F2B081D5100188CD0 /* ListHeaderView.swift in Sources */ = {isa = PBXBuildFile; fileRef = E0CA852B2B081D5100188CD0 /* ListHeaderView.swift */; };
		E0CA85412B081D5100188CD0 /* NotificationRowView.swift in Sources */ = {isa = PBXBuildFile; fileRef = E0CA852F2B081D5100188CD0 /* NotificationRowView.swift */; };
		E0CC33192A03FF8F00CC38C6 /* MainView.swift in Sources */ = {isa = PBXBuildFile; fileRef = E0CC33182A03FF8F00CC38C6 /* MainView.swift */; };
		E0CC331D2A0405CE00CC38C6 /* MainViewModel.swift in Sources */ = {isa = PBXBuildFile; fileRef = E0CC331C2A0405CE00CC38C6 /* MainViewModel.swift */; };
		E0CC33212A04064500CC38C6 /* SongService.swift in Sources */ = {isa = PBXBuildFile; fileRef = E0CC33202A04064500CC38C6 /* SongService.swift */; };
		E0CC33232A040BB700CC38C6 /* NewSongView.swift in Sources */ = {isa = PBXBuildFile; fileRef = E0CC33222A040BB700CC38C6 /* NewSongView.swift */; };
		E0CC33272A040D5500CC38C6 /* SongViewModel.swift in Sources */ = {isa = PBXBuildFile; fileRef = E0CC33262A040D5500CC38C6 /* SongViewModel.swift */; };
		E0CDF12E2A18074C00DE8265 /* NewFolderView.swift in Sources */ = {isa = PBXBuildFile; fileRef = E0CDF12D2A18074C00DE8265 /* NewFolderView.swift */; };
		E0CDF1382A181D2500DE8265 /* SongEditView.swift in Sources */ = {isa = PBXBuildFile; fileRef = E0CDF1372A181D2500DE8265 /* SongEditView.swift */; };
		E0D3AA8E2BBC6B44005650F5 /* SongTagView.swift in Sources */ = {isa = PBXBuildFile; fileRef = E0D3AA8D2BBC6B44005650F5 /* SongTagView.swift */; };
		E0D3AA932BBC6B86005650F5 /* TagSelectionEnum.swift in Sources */ = {isa = PBXBuildFile; fileRef = E0D3AA922BBC6B86005650F5 /* TagSelectionEnum.swift */; };
		E0D411BE2A9FF12300859E4E /* Notification.swift in Sources */ = {isa = PBXBuildFile; fileRef = E0D411BD2A9FF12300859E4E /* Notification.swift */; };
		E0E0B2092A4CC33A00A972E0 /* NotesView.swift in Sources */ = {isa = PBXBuildFile; fileRef = E0E0B2082A4CC33A00A972E0 /* NotesView.swift */; };
		E0E0B20C2A4CC48A00A972E0 /* NotesViewModel.swift in Sources */ = {isa = PBXBuildFile; fileRef = E0E0B20B2A4CC48A00A972E0 /* NotesViewModel.swift */; };
		E0E1AE792B23B6EC0085B8CC /* StoreKit.framework in Frameworks */ = {isa = PBXBuildFile; fileRef = E0E1AE782B23B6EC0085B8CC /* StoreKit.framework */; };
		E0E79D4D2B5F010B0030186C /* FolderDropViewDelegate.swift in Sources */ = {isa = PBXBuildFile; fileRef = E0E79D4C2B5F010B0030186C /* FolderDropViewDelegate.swift */; };
		E0E79D4F2B5F01330030186C /* SongDropViewDelegate.swift in Sources */ = {isa = PBXBuildFile; fileRef = E0E79D4E2B5F01330030186C /* SongDropViewDelegate.swift */; };
		E0F95C832A13C2E000C2D21C /* MailView.swift in Sources */ = {isa = PBXBuildFile; fileRef = E0F95C822A13C2E000C2D21C /* MailView.swift */; };
		E0F95C862A13C74C00C2D21C /* ProfileView.swift in Sources */ = {isa = PBXBuildFile; fileRef = E0F95C852A13C74C00C2D21C /* ProfileView.swift */; };
		E0FC1E212BC47618008D8549 /* FAIcon.swift in Sources */ = {isa = PBXBuildFile; fileRef = E0FC1E1E2BC47617008D8549 /* FAIcon.swift */; };
		E0FC1E222BC47618008D8549 /* FAText.swift in Sources */ = {isa = PBXBuildFile; fileRef = E0FC1E1F2BC47617008D8549 /* FAText.swift */; };
		E0FC1E232BC47618008D8549 /* FontAwesome.swift in Sources */ = {isa = PBXBuildFile; fileRef = E0FC1E202BC47617008D8549 /* FontAwesome.swift */; };
		E0FD46262B1F7DBD00699587 /* BannerAd.swift in Sources */ = {isa = PBXBuildFile; fileRef = E0FD46252B1F7DBD00699587 /* BannerAd.swift */; };
/* End PBXBuildFile section */

/* Begin PBXContainerItemProxy section */
		E042475C2A02EF4F00CA48B3 /* PBXContainerItemProxy */ = {
			isa = PBXContainerItemProxy;
			containerPortal = E04247422A02EF4E00CA48B3 /* Project object */;
			proxyType = 1;
			remoteGlobalIDString = E04247492A02EF4E00CA48B3;
			remoteInfo = Lyrics;
		};
		E04247662A02EF4F00CA48B3 /* PBXContainerItemProxy */ = {
			isa = PBXContainerItemProxy;
			containerPortal = E04247422A02EF4E00CA48B3 /* Project object */;
			proxyType = 1;
			remoteGlobalIDString = E04247492A02EF4E00CA48B3;
			remoteInfo = Lyrics;
		};
/* End PBXContainerItemProxy section */

/* Begin PBXFileReference section */
		E0019D252BC6E68100DABECB /* hi_click.wav */ = {isa = PBXFileReference; lastKnownFileType = audio.wav; path = hi_click.wav; sourceTree = "<group>"; };
		E0019D262BC6E68100DABECB /* lo_click.wav */ = {isa = PBXFileReference; lastKnownFileType = audio.wav; path = lo_click.wav; sourceTree = "<group>"; };
		E004F4252A69C2D40089B6DF /* PlayView.swift */ = {isa = PBXFileReference; lastKnownFileType = sourcecode.swift; path = PlayView.swift; sourceTree = "<group>"; };
		E006A0562A2146EE00CE468A /* RecentlyDeletedView.swift */ = {isa = PBXFileReference; lastKnownFileType = sourcecode.swift; path = RecentlyDeletedView.swift; sourceTree = "<group>"; };
		E006A0582A214CAA00CE468A /* RecentlyDeletedSong.swift */ = {isa = PBXFileReference; lastKnownFileType = sourcecode.swift; path = RecentlyDeletedSong.swift; sourceTree = "<group>"; };
		E00E845B2B22290100573A9F /* Live Lyrics.storekit */ = {isa = PBXFileReference; lastKnownFileType = text; path = "Live Lyrics.storekit"; sourceTree = "<group>"; };
		E00E845C2B222AEB00573A9F /* StoreKitManager.swift */ = {isa = PBXFileReference; lastKnownFileType = sourcecode.swift; path = StoreKitManager.swift; sourceTree = "<group>"; };
		E00E845E2B225C1000573A9F /* InAppPurchases.plist */ = {isa = PBXFileReference; lastKnownFileType = text.plist.xml; path = InAppPurchases.plist; sourceTree = "<group>"; };
		E0106C832A1EA1A0007D99DF /* MoveRowView.swift */ = {isa = PBXFileReference; lastKnownFileType = sourcecode.swift; path = MoveRowView.swift; sourceTree = "<group>"; };
		E01520E12A872EF4005C4F8C /* AddSongsView.swift */ = {isa = PBXFileReference; lastKnownFileType = sourcecode.swift; path = AddSongsView.swift; sourceTree = "<group>"; };
		E0176EA62A5491BB00B6AA69 /* NetworkManager.swift */ = {isa = PBXFileReference; fileEncoding = 4; lastKnownFileType = sourcecode.swift; path = NetworkManager.swift; sourceTree = "<group>"; };
		E01EB4442B20CA3A009C48F2 /* remote_config_defaults.plist */ = {isa = PBXFileReference; fileEncoding = 4; lastKnownFileType = text.plist.xml; path = remote_config_defaults.plist; sourceTree = "<group>"; };
		E02735A42B1FD4D70010C77D /* GoogleService-Info.plist */ = {isa = PBXFileReference; fileEncoding = 4; lastKnownFileType = text.plist.xml; path = "GoogleService-Info.plist"; sourceTree = "<group>"; };
		E02F21E42B21130600302646 /* AdBannerView.swift */ = {isa = PBXFileReference; lastKnownFileType = sourcecode.swift; path = AdBannerView.swift; sourceTree = "<group>"; };
		E03BC0922B5C232B004261AF /* ChooseAuthView.swift */ = {isa = PBXFileReference; lastKnownFileType = sourcecode.swift; path = ChooseAuthView.swift; sourceTree = "<group>"; };
		E041055E2A90029900215FB0 /* HapticManager.swift */ = {isa = PBXFileReference; lastKnownFileType = sourcecode.swift; path = HapticManager.swift; sourceTree = "<group>"; };
		E042474A2A02EF4E00CA48B3 /* Lyrics.app */ = {isa = PBXFileReference; explicitFileType = wrapper.application; includeInIndex = 0; path = Lyrics.app; sourceTree = BUILT_PRODUCTS_DIR; };
		E042474D2A02EF4E00CA48B3 /* LyricsApp.swift */ = {isa = PBXFileReference; lastKnownFileType = sourcecode.swift; path = LyricsApp.swift; sourceTree = "<group>"; };
		E042474F2A02EF4E00CA48B3 /* ContentView.swift */ = {isa = PBXFileReference; lastKnownFileType = sourcecode.swift; path = ContentView.swift; sourceTree = "<group>"; };
		E04247512A02EF4F00CA48B3 /* Assets.xcassets */ = {isa = PBXFileReference; lastKnownFileType = folder.assetcatalog; path = Assets.xcassets; sourceTree = "<group>"; };
		E04247532A02EF4F00CA48B3 /* Lyrics.entitlements */ = {isa = PBXFileReference; lastKnownFileType = text.plist.entitlements; path = Lyrics.entitlements; sourceTree = "<group>"; };
		E04247552A02EF4F00CA48B3 /* Preview Assets.xcassets */ = {isa = PBXFileReference; lastKnownFileType = folder.assetcatalog; path = "Preview Assets.xcassets"; sourceTree = "<group>"; };
		E042475B2A02EF4F00CA48B3 /* LyricsTests.xctest */ = {isa = PBXFileReference; explicitFileType = wrapper.cfbundle; includeInIndex = 0; path = LyricsTests.xctest; sourceTree = BUILT_PRODUCTS_DIR; };
		E042475F2A02EF4F00CA48B3 /* LyricsTests.swift */ = {isa = PBXFileReference; lastKnownFileType = sourcecode.swift; path = LyricsTests.swift; sourceTree = "<group>"; };
		E04247652A02EF4F00CA48B3 /* LyricsUITests.xctest */ = {isa = PBXFileReference; explicitFileType = wrapper.cfbundle; includeInIndex = 0; path = LyricsUITests.xctest; sourceTree = BUILT_PRODUCTS_DIR; };
		E04247692A02EF4F00CA48B3 /* LyricsUITests.swift */ = {isa = PBXFileReference; lastKnownFileType = sourcecode.swift; path = LyricsUITests.swift; sourceTree = "<group>"; };
		E042476B2A02EF4F00CA48B3 /* LyricsUITestsLaunchTests.swift */ = {isa = PBXFileReference; lastKnownFileType = sourcecode.swift; path = LyricsUITestsLaunchTests.swift; sourceTree = "<group>"; };
		E042477E2A02EF8F00CA48B3 /* SongDetailView.swift */ = {isa = PBXFileReference; lastKnownFileType = sourcecode.swift; path = SongDetailView.swift; sourceTree = "<group>"; };
		E04247812A02EFC500CA48B3 /* Song.swift */ = {isa = PBXFileReference; lastKnownFileType = sourcecode.swift; path = Song.swift; sourceTree = "<group>"; };
		E04247922A02F5FA00CA48B3 /* AuthViewModel.swift */ = {isa = PBXFileReference; fileEncoding = 4; lastKnownFileType = sourcecode.swift; path = AuthViewModel.swift; sourceTree = "<group>"; };
		E04247942A02F5FA00CA48B3 /* RegistrationView.swift */ = {isa = PBXFileReference; fileEncoding = 4; lastKnownFileType = sourcecode.swift; path = RegistrationView.swift; sourceTree = "<group>"; };
		E04247952A02F5FB00CA48B3 /* LoginView.swift */ = {isa = PBXFileReference; fileEncoding = 4; lastKnownFileType = sourcecode.swift; path = LoginView.swift; sourceTree = "<group>"; };
		E04247AB2A02F6B500CA48B3 /* UserService.swift */ = {isa = PBXFileReference; fileEncoding = 4; lastKnownFileType = sourcecode.swift; path = UserService.swift; sourceTree = "<group>"; };
		E04247B22A02F6DF00CA48B3 /* User.swift */ = {isa = PBXFileReference; fileEncoding = 4; lastKnownFileType = sourcecode.swift; path = User.swift; sourceTree = "<group>"; };
		E045BE222AF992FE00FC3EF1 /* ToolsView.swift */ = {isa = PBXFileReference; lastKnownFileType = sourcecode.swift; path = ToolsView.swift; sourceTree = "<group>"; };
		E04CB9662BCB5FE100F2831B /* SongShareDetailView.swift */ = {isa = PBXFileReference; fileEncoding = 4; lastKnownFileType = sourcecode.swift; path = SongShareDetailView.swift; sourceTree = "<group>"; };
		E04CB9672BCB5FE100F2831B /* SongShareRowView.swift */ = {isa = PBXFileReference; fileEncoding = 4; lastKnownFileType = sourcecode.swift; path = SongShareRowView.swift; sourceTree = "<group>"; };
		E04CB9682BCB5FE100F2831B /* ShareView.swift */ = {isa = PBXFileReference; fileEncoding = 4; lastKnownFileType = sourcecode.swift; path = ShareView.swift; sourceTree = "<group>"; };
		E04CB96D2BCB618C00F2831B /* ShareRequest.swift */ = {isa = PBXFileReference; lastKnownFileType = sourcecode.swift; path = ShareRequest.swift; sourceTree = "<group>"; };
		E04FB1152A17D356002FEEA4 /* SettingsView.swift */ = {isa = PBXFileReference; lastKnownFileType = sourcecode.swift; path = SettingsView.swift; sourceTree = "<group>"; };
		E04FB1182A17D6F0002FEEA4 /* ProfileViewModel.swift */ = {isa = PBXFileReference; lastKnownFileType = sourcecode.swift; path = ProfileViewModel.swift; sourceTree = "<group>"; };
		E050D1582A03031B004CC45E /* MenuView.swift */ = {isa = PBXFileReference; lastKnownFileType = sourcecode.swift; path = MenuView.swift; sourceTree = "<group>"; };
		E050D15D2A030368004CC45E /* Extensions.swift */ = {isa = PBXFileReference; lastKnownFileType = sourcecode.swift; path = Extensions.swift; sourceTree = "<group>"; };
		E052264C2A1BB1CF00ECF255 /* FolderEditView.swift */ = {isa = PBXFileReference; lastKnownFileType = sourcecode.swift; path = FolderEditView.swift; sourceTree = "<group>"; };
		E05226512A1BBCFC00ECF255 /* SongMoveView.swift */ = {isa = PBXFileReference; lastKnownFileType = sourcecode.swift; path = SongMoveView.swift; sourceTree = "<group>"; };
		E05B9A792BCED9CB000292FA /* SharedSong.swift */ = {isa = PBXFileReference; fileEncoding = 4; lastKnownFileType = sourcecode.swift; path = SharedSong.swift; sourceTree = "<group>"; };
		E05B9A7A2BCED9CB000292FA /* SharedFolder.swift */ = {isa = PBXFileReference; fileEncoding = 4; lastKnownFileType = sourcecode.swift; path = SharedFolder.swift; sourceTree = "<group>"; };
		E05B9A7D2BCF2351000292FA /* FolderSong.swift */ = {isa = PBXFileReference; lastKnownFileType = sourcecode.swift; path = FolderSong.swift; sourceTree = "<group>"; };
		E05F2E7B2A55CFFD005E819C /* Python3.framework */ = {isa = PBXFileReference; lastKnownFileType = wrapper.framework; name = Python3.framework; path = Library/Frameworks/Python3.framework; sourceTree = DEVELOPER_DIR; };
		E06076B72A94BB5200ECB31F /* NotificationManager.swift */ = {isa = PBXFileReference; lastKnownFileType = sourcecode.swift; path = NotificationManager.swift; sourceTree = "<group>"; };
		E06076B92A94C1DD00ECB31F /* SystemDoc.swift */ = {isa = PBXFileReference; lastKnownFileType = sourcecode.swift; path = SystemDoc.swift; sourceTree = "<group>"; };
		E065D20B2B449BF900F035F7 /* SortSelectionEnum.swift */ = {isa = PBXFileReference; lastKnownFileType = sourcecode.swift; path = SortSelectionEnum.swift; sourceTree = "<group>"; };
		E065D20E2B449E4500F035F7 /* SortViewModel.swift */ = {isa = PBXFileReference; lastKnownFileType = sourcecode.swift; path = SortViewModel.swift; sourceTree = "<group>"; };
		E06D77832A17CAA50032332F /* EditPasswordView.swift */ = {isa = PBXFileReference; lastKnownFileType = sourcecode.swift; path = EditPasswordView.swift; sourceTree = "<group>"; };
		E06D77882A17CF310032332F /* SettingsViewModel.swift */ = {isa = PBXFileReference; lastKnownFileType = sourcecode.swift; path = SettingsViewModel.swift; sourceTree = "<group>"; };
		E075DDC42AF43CBE00AE8C9D /* ScrollViewWrapper.swift */ = {isa = PBXFileReference; lastKnownFileType = sourcecode.swift; path = ScrollViewWrapper.swift; sourceTree = "<group>"; };
		E079AE362A81928B006C4B55 /* NewPlayViewView.swift */ = {isa = PBXFileReference; lastKnownFileType = sourcecode.swift; path = NewPlayViewView.swift; sourceTree = "<group>"; };
		E0867CED2BD57812005605CD /* SongDetailMenuView.swift */ = {isa = PBXFileReference; lastKnownFileType = sourcecode.swift; path = SongDetailMenuView.swift; sourceTree = "<group>"; };
		E0986BE72B2B50C400CE938B /* icons.json */ = {isa = PBXFileReference; fileEncoding = 4; lastKnownFileType = text.json; path = icons.json; sourceTree = "<group>"; };
		E0986BEA2B2B512300CE938B /* Font Awesome 6 Sharp-Solid-900.otf */ = {isa = PBXFileReference; lastKnownFileType = file; path = "Font Awesome 6 Sharp-Solid-900.otf"; sourceTree = "<group>"; };
		E0986BEB2B2B512300CE938B /* Font Awesome 6 Pro-Regular-400.otf */ = {isa = PBXFileReference; lastKnownFileType = file; path = "Font Awesome 6 Pro-Regular-400.otf"; sourceTree = "<group>"; };
		E0986BEC2B2B512300CE938B /* Font Awesome 6 Brands-Regular-400.otf */ = {isa = PBXFileReference; lastKnownFileType = file; path = "Font Awesome 6 Brands-Regular-400.otf"; sourceTree = "<group>"; };
		E0986BED2B2B512300CE938B /* Font Awesome 6 Duotone-Solid-900.otf */ = {isa = PBXFileReference; lastKnownFileType = file; path = "Font Awesome 6 Duotone-Solid-900.otf"; sourceTree = "<group>"; };
		E0986BEE2B2B512400CE938B /* Font Awesome 6 Pro-Light-300.otf */ = {isa = PBXFileReference; lastKnownFileType = file; path = "Font Awesome 6 Pro-Light-300.otf"; sourceTree = "<group>"; };
		E0986BEF2B2B512400CE938B /* Font Awesome 6 Sharp-Light-300.otf */ = {isa = PBXFileReference; lastKnownFileType = file; path = "Font Awesome 6 Sharp-Light-300.otf"; sourceTree = "<group>"; };
		E0986BF02B2B512400CE938B /* Font Awesome 6 Pro-Thin-100.otf */ = {isa = PBXFileReference; lastKnownFileType = file; path = "Font Awesome 6 Pro-Thin-100.otf"; sourceTree = "<group>"; };
		E0986BF12B2B512400CE938B /* Font Awesome 6 Sharp-Regular-400.otf */ = {isa = PBXFileReference; lastKnownFileType = file; path = "Font Awesome 6 Sharp-Regular-400.otf"; sourceTree = "<group>"; };
		E0986BF22B2B512500CE938B /* Font Awesome 6 Sharp-Thin-100.otf */ = {isa = PBXFileReference; lastKnownFileType = file; path = "Font Awesome 6 Sharp-Thin-100.otf"; sourceTree = "<group>"; };
		E0986BF42B2B512500CE938B /* Font Awesome 6 Pro-Solid-900.otf */ = {isa = PBXFileReference; lastKnownFileType = file; path = "Font Awesome 6 Pro-Solid-900.otf"; sourceTree = "<group>"; };
		E0A567E72AE8BE13007313FC /* en */ = {isa = PBXFileReference; lastKnownFileType = text.plist.strings; name = en; path = en.lproj/Localizable.strings; sourceTree = "<group>"; };
		E0A5A4AF2A0A8F9C00AF8EBF /* WebView.swift */ = {isa = PBXFileReference; lastKnownFileType = sourcecode.swift; path = WebView.swift; sourceTree = "<group>"; };
		E0A8F5052BD06887009275A2 /* Version.swift */ = {isa = PBXFileReference; lastKnownFileType = sourcecode.swift; path = Version.swift; sourceTree = "<group>"; };
		E0B02B942AF572F8002E10D4 /* TipKit.swift */ = {isa = PBXFileReference; lastKnownFileType = sourcecode.swift; path = TipKit.swift; sourceTree = "<group>"; };
		E0B02B9B2AF592F2002E10D4 /* ShowWhatsNew.swift */ = {isa = PBXFileReference; lastKnownFileType = sourcecode.swift; path = ShowWhatsNew.swift; sourceTree = "<group>"; };
		E0B02B9E2AF5A389002E10D4 /* FeaturesView.swift */ = {isa = PBXFileReference; lastKnownFileType = sourcecode.swift; path = FeaturesView.swift; sourceTree = "<group>"; };
		E0B094BC2BD220E500F92BE6 /* SongVariation.swift */ = {isa = PBXFileReference; lastKnownFileType = sourcecode.swift; path = SongVariation.swift; sourceTree = "<group>"; };
		E0B094BE2BD2252700F92BE6 /* NewSongVariationView.swift */ = {isa = PBXFileReference; lastKnownFileType = sourcecode.swift; path = NewSongVariationView.swift; sourceTree = "<group>"; };
		E0B4CF1B2BD2F01D00F143E9 /* SongVariationEditView.swift */ = {isa = PBXFileReference; lastKnownFileType = sourcecode.swift; path = SongVariationEditView.swift; sourceTree = "<group>"; };
		E0B695532A141E7700FAAD5A /* ResetPasswordView.swift */ = {isa = PBXFileReference; lastKnownFileType = sourcecode.swift; path = ResetPasswordView.swift; sourceTree = "<group>"; };
		E0C078272B4463FB00F91287 /* SortView.swift */ = {isa = PBXFileReference; lastKnownFileType = sourcecode.swift; path = SortView.swift; sourceTree = "<group>"; };
		E0C139E92BCA30B300317A7B /* FolderSongDropViewDelegate.swift */ = {isa = PBXFileReference; lastKnownFileType = sourcecode.swift; path = FolderSongDropViewDelegate.swift; sourceTree = "<group>"; };
		E0C168342B59BCBF00A12C59 /* Shortcuts.swift */ = {isa = PBXFileReference; lastKnownFileType = sourcecode.swift; path = Shortcuts.swift; sourceTree = "<group>"; };
		E0C168362B59BCEA00A12C59 /* Intents.swift */ = {isa = PBXFileReference; lastKnownFileType = sourcecode.swift; path = Intents.swift; sourceTree = "<group>"; };
		E0C1D39E2BC07CB3004DD828 /* TaggedSongsView.swift */ = {isa = PBXFileReference; lastKnownFileType = sourcecode.swift; path = TaggedSongsView.swift; sourceTree = "<group>"; };
		E0C492E42A0BDFC6002E9EA0 /* Folder.swift */ = {isa = PBXFileReference; lastKnownFileType = sourcecode.swift; path = Folder.swift; sourceTree = "<group>"; };
		E0CA78BB2BC5A380004CEA73 /* RecentlyDeletedViewModel.swift */ = {isa = PBXFileReference; lastKnownFileType = sourcecode.swift; path = RecentlyDeletedViewModel.swift; sourceTree = "<group>"; };
		E0CA85142B081D5100188CD0 /* AlertView.swift */ = {isa = PBXFileReference; fileEncoding = 4; lastKnownFileType = sourcecode.swift; path = AlertView.swift; sourceTree = "<group>"; };
		E0CA85162B081D5100188CD0 /* ListRowView.swift */ = {isa = PBXFileReference; fileEncoding = 4; lastKnownFileType = sourcecode.swift; name = ListRowView.swift; path = "../Navigation & System/ListRowView.swift"; sourceTree = "<group>"; };
		E0CA851A2B081D5100188CD0 /* SheetCloseButton.swift */ = {isa = PBXFileReference; fileEncoding = 4; lastKnownFileType = sourcecode.swift; path = SheetCloseButton.swift; sourceTree = "<group>"; };
		E0CA851C2B081D5100188CD0 /* CustomNavBar.swift */ = {isa = PBXFileReference; fileEncoding = 4; lastKnownFileType = sourcecode.swift; path = CustomNavBar.swift; sourceTree = "<group>"; };
		E0CA851D2B081D5100188CD0 /* CustomSearchBar.swift */ = {isa = PBXFileReference; fileEncoding = 4; lastKnownFileType = sourcecode.swift; path = CustomSearchBar.swift; sourceTree = "<group>"; };
		E0CA851F2B081D5100188CD0 /* NavBarEnum.swift */ = {isa = PBXFileReference; fileEncoding = 4; lastKnownFileType = sourcecode.swift; path = NavBarEnum.swift; sourceTree = "<group>"; };
		E0CA85202B081D5100188CD0 /* Modifers.swift */ = {isa = PBXFileReference; fileEncoding = 4; lastKnownFileType = sourcecode.swift; path = Modifers.swift; sourceTree = "<group>"; };
		E0CA85232B081D5100188CD0 /* LoadingView.swift */ = {isa = PBXFileReference; fileEncoding = 4; lastKnownFileType = sourcecode.swift; path = LoadingView.swift; sourceTree = "<group>"; };
		E0CA85252B081D5100188CD0 /* CustomTextField.swift */ = {isa = PBXFileReference; fileEncoding = 4; lastKnownFileType = sourcecode.swift; path = CustomTextField.swift; sourceTree = "<group>"; };
		E0CA85262B081D5100188CD0 /* CustomPasswordField.swift */ = {isa = PBXFileReference; fileEncoding = 4; lastKnownFileType = sourcecode.swift; path = CustomPasswordField.swift; sourceTree = "<group>"; };
		E0CA85292B081D5100188CD0 /* ListIconButtonView.swift */ = {isa = PBXFileReference; fileEncoding = 4; lastKnownFileType = sourcecode.swift; path = ListIconButtonView.swift; sourceTree = "<group>"; };
		E0CA852A2B081D5100188CD0 /* ListEditButtonView.swift */ = {isa = PBXFileReference; fileEncoding = 4; lastKnownFileType = sourcecode.swift; path = ListEditButtonView.swift; sourceTree = "<group>"; };
		E0CA852B2B081D5100188CD0 /* ListHeaderView.swift */ = {isa = PBXFileReference; fileEncoding = 4; lastKnownFileType = sourcecode.swift; path = ListHeaderView.swift; sourceTree = "<group>"; };
		E0CA852F2B081D5100188CD0 /* NotificationRowView.swift */ = {isa = PBXFileReference; fileEncoding = 4; lastKnownFileType = sourcecode.swift; path = NotificationRowView.swift; sourceTree = "<group>"; };
		E0CC33182A03FF8F00CC38C6 /* MainView.swift */ = {isa = PBXFileReference; lastKnownFileType = sourcecode.swift; path = MainView.swift; sourceTree = "<group>"; };
		E0CC331C2A0405CE00CC38C6 /* MainViewModel.swift */ = {isa = PBXFileReference; lastKnownFileType = sourcecode.swift; path = MainViewModel.swift; sourceTree = "<group>"; };
		E0CC33202A04064500CC38C6 /* SongService.swift */ = {isa = PBXFileReference; lastKnownFileType = sourcecode.swift; path = SongService.swift; sourceTree = "<group>"; usesTabs = 1; };
		E0CC33222A040BB700CC38C6 /* NewSongView.swift */ = {isa = PBXFileReference; lastKnownFileType = sourcecode.swift; path = NewSongView.swift; sourceTree = "<group>"; };
		E0CC33262A040D5500CC38C6 /* SongViewModel.swift */ = {isa = PBXFileReference; lastKnownFileType = sourcecode.swift; path = SongViewModel.swift; sourceTree = "<group>"; };
		E0CDF12D2A18074C00DE8265 /* NewFolderView.swift */ = {isa = PBXFileReference; lastKnownFileType = sourcecode.swift; path = NewFolderView.swift; sourceTree = "<group>"; };
		E0CDF1372A181D2500DE8265 /* SongEditView.swift */ = {isa = PBXFileReference; lastKnownFileType = sourcecode.swift; path = SongEditView.swift; sourceTree = "<group>"; };
		E0D3AA8D2BBC6B44005650F5 /* SongTagView.swift */ = {isa = PBXFileReference; lastKnownFileType = sourcecode.swift; path = SongTagView.swift; sourceTree = "<group>"; };
		E0D3AA922BBC6B86005650F5 /* TagSelectionEnum.swift */ = {isa = PBXFileReference; lastKnownFileType = sourcecode.swift; path = TagSelectionEnum.swift; sourceTree = "<group>"; };
		E0D411BD2A9FF12300859E4E /* Notification.swift */ = {isa = PBXFileReference; lastKnownFileType = sourcecode.swift; path = Notification.swift; sourceTree = "<group>"; };
		E0E0B2082A4CC33A00A972E0 /* NotesView.swift */ = {isa = PBXFileReference; lastKnownFileType = sourcecode.swift; path = NotesView.swift; sourceTree = "<group>"; };
		E0E0B20B2A4CC48A00A972E0 /* NotesViewModel.swift */ = {isa = PBXFileReference; lastKnownFileType = sourcecode.swift; path = NotesViewModel.swift; sourceTree = "<group>"; };
		E0E1AE782B23B6EC0085B8CC /* StoreKit.framework */ = {isa = PBXFileReference; lastKnownFileType = wrapper.framework; name = StoreKit.framework; path = System/Library/Frameworks/StoreKit.framework; sourceTree = SDKROOT; };
		E0E79D4C2B5F010B0030186C /* FolderDropViewDelegate.swift */ = {isa = PBXFileReference; lastKnownFileType = sourcecode.swift; path = FolderDropViewDelegate.swift; sourceTree = "<group>"; };
		E0E79D4E2B5F01330030186C /* SongDropViewDelegate.swift */ = {isa = PBXFileReference; lastKnownFileType = sourcecode.swift; path = SongDropViewDelegate.swift; sourceTree = "<group>"; };
		E0F95C822A13C2E000C2D21C /* MailView.swift */ = {isa = PBXFileReference; lastKnownFileType = sourcecode.swift; path = MailView.swift; sourceTree = "<group>"; };
		E0F95C852A13C74C00C2D21C /* ProfileView.swift */ = {isa = PBXFileReference; lastKnownFileType = sourcecode.swift; path = ProfileView.swift; sourceTree = "<group>"; };
		E0FC1E1E2BC47617008D8549 /* FAIcon.swift */ = {isa = PBXFileReference; fileEncoding = 4; lastKnownFileType = sourcecode.swift; path = FAIcon.swift; sourceTree = "<group>"; };
		E0FC1E1F2BC47617008D8549 /* FAText.swift */ = {isa = PBXFileReference; fileEncoding = 4; lastKnownFileType = sourcecode.swift; path = FAText.swift; sourceTree = "<group>"; };
		E0FC1E202BC47617008D8549 /* FontAwesome.swift */ = {isa = PBXFileReference; fileEncoding = 4; lastKnownFileType = sourcecode.swift; path = FontAwesome.swift; sourceTree = "<group>"; };
		E0FD46252B1F7DBD00699587 /* BannerAd.swift */ = {isa = PBXFileReference; lastKnownFileType = sourcecode.swift; path = BannerAd.swift; sourceTree = "<group>"; };
/* End PBXFileReference section */

/* Begin PBXFrameworksBuildPhase section */
		E04247472A02EF4E00CA48B3 /* Frameworks */ = {
			isa = PBXFrameworksBuildPhase;
			buildActionMask = 2147483647;
			files = (
				E0C138E02BBCAB12003C0D10 /* GoogleMobileAds in Frameworks */,
				E0E1AE792B23B6EC0085B8CC /* StoreKit.framework in Frameworks */,
				E03541012BC05A3400273830 /* FirebaseMessaging in Frameworks */,
				E03541052BC05A3400273830 /* FirebaseRemoteConfigSwift in Frameworks */,
				E03540F92BC05A3400273830 /* FirebaseAnalytics in Frameworks */,
				E0019D2B2BC7257000DABECB /* SwiftUIIntrospect in Frameworks */,
				E03540FD2BC05A3400273830 /* FirebaseFirestore in Frameworks */,
				E03540FB2BC05A3400273830 /* FirebaseAuth in Frameworks */,
				E03540FF2BC05A3400273830 /* FirebaseFirestoreSwift in Frameworks */,
				E0867CF12BD5989B005605CD /* BottomSheet in Frameworks */,
				E03541032BC05A3400273830 /* FirebaseRemoteConfig in Frameworks */,
			);
			runOnlyForDeploymentPostprocessing = 0;
		};
		E04247582A02EF4F00CA48B3 /* Frameworks */ = {
			isa = PBXFrameworksBuildPhase;
			buildActionMask = 2147483647;
			files = (
			);
			runOnlyForDeploymentPostprocessing = 0;
		};
		E04247622A02EF4F00CA48B3 /* Frameworks */ = {
			isa = PBXFrameworksBuildPhase;
			buildActionMask = 2147483647;
			files = (
			);
			runOnlyForDeploymentPostprocessing = 0;
		};
/* End PBXFrameworksBuildPhase section */

/* Begin PBXGroup section */
		E0019D202BC6D3ED00DABECB /* Metronome */ = {
			isa = PBXGroup;
			children = (
				E0019D252BC6E68100DABECB /* hi_click.wav */,
				E0019D262BC6E68100DABECB /* lo_click.wav */,
			);
			path = Metronome;
			sourceTree = "<group>";
		};
		E01EB4462B210FE3009C48F2 /* Ads */ = {
			isa = PBXGroup;
			children = (
				E01EB44C2B211292009C48F2 /* Ads */,
				E01EB44A2B21127D009C48F2 /* Helper Views */,
			);
			path = Ads;
			sourceTree = "<group>";
		};
		E01EB44A2B21127D009C48F2 /* Helper Views */ = {
			isa = PBXGroup;
			children = (
				E01EB44E2B21129C009C48F2 /* Banner */,
			);
			path = "Helper Views";
			sourceTree = "<group>";
		};
		E01EB44B2B211285009C48F2 /* Banner */ = {
			isa = PBXGroup;
			children = (
				E0FD46252B1F7DBD00699587 /* BannerAd.swift */,
			);
			path = Banner;
			sourceTree = "<group>";
		};
		E01EB44C2B211292009C48F2 /* Ads */ = {
			isa = PBXGroup;
			children = (
				E01EB44D2B211295009C48F2 /* Native */,
				E01EB44B2B211285009C48F2 /* Banner */,
			);
			path = Ads;
			sourceTree = "<group>";
		};
		E01EB44D2B211295009C48F2 /* Native */ = {
			isa = PBXGroup;
			children = (
			);
			path = Native;
			sourceTree = "<group>";
		};
		E01EB44E2B21129C009C48F2 /* Banner */ = {
			isa = PBXGroup;
			children = (
				E02F21E42B21130600302646 /* AdBannerView.swift */,
			);
			path = Banner;
			sourceTree = "<group>";
		};
		E04247412A02EF4E00CA48B3 = {
			isa = PBXGroup;
			children = (
				E042474C2A02EF4E00CA48B3 /* Lyrics */,
				E042475E2A02EF4F00CA48B3 /* LyricsTests */,
				E04247682A02EF4F00CA48B3 /* LyricsUITests */,
				E042474B2A02EF4E00CA48B3 /* Products */,
				E0ED899C2A4E091C00EB4A89 /* Frameworks */,
			);
			sourceTree = "<group>";
		};
		E042474B2A02EF4E00CA48B3 /* Products */ = {
			isa = PBXGroup;
			children = (
				E042474A2A02EF4E00CA48B3 /* Lyrics.app */,
				E042475B2A02EF4F00CA48B3 /* LyricsTests.xctest */,
				E04247652A02EF4F00CA48B3 /* LyricsUITests.xctest */,
			);
			name = Products;
			sourceTree = "<group>";
		};
		E042474C2A02EF4E00CA48B3 /* Lyrics */ = {
			isa = PBXGroup;
			children = (
				E0C168332B59BC9900A12C59 /* Intents */,
				E0986BE92B2B50FC00CE938B /* Resources */,
				E050D15C2A03035F004CC45E /* Extensions */,
				E04247A92A02F6B500CA48B3 /* Service */,
				E04247A42A02F6A400CA48B3 /* Utils */,
				E04247802A02EFAE00CA48B3 /* Model */,
				E04247782A02EF6C00CA48B3 /* Core */,
				E042474D2A02EF4E00CA48B3 /* LyricsApp.swift */,
				E042474F2A02EF4E00CA48B3 /* ContentView.swift */,
				E0A567E82AE8BE13007313FC /* Localizable.strings */,
				E04247512A02EF4F00CA48B3 /* Assets.xcassets */,
				E01EB4442B20CA3A009C48F2 /* remote_config_defaults.plist */,
				E00E845E2B225C1000573A9F /* InAppPurchases.plist */,
				E02735A42B1FD4D70010C77D /* GoogleService-Info.plist */,
				E0986BE72B2B50C400CE938B /* icons.json */,
				E00E845B2B22290100573A9F /* Live Lyrics.storekit */,
				E04247532A02EF4F00CA48B3 /* Lyrics.entitlements */,
				E04247542A02EF4F00CA48B3 /* Preview Content */,
			);
			path = Lyrics;
			sourceTree = "<group>";
		};
		E04247542A02EF4F00CA48B3 /* Preview Content */ = {
			isa = PBXGroup;
			children = (
				E04247552A02EF4F00CA48B3 /* Preview Assets.xcassets */,
			);
			path = "Preview Content";
			sourceTree = "<group>";
		};
		E042475E2A02EF4F00CA48B3 /* LyricsTests */ = {
			isa = PBXGroup;
			children = (
				E042475F2A02EF4F00CA48B3 /* LyricsTests.swift */,
			);
			path = LyricsTests;
			sourceTree = "<group>";
		};
		E04247682A02EF4F00CA48B3 /* LyricsUITests */ = {
			isa = PBXGroup;
			children = (
				E04247692A02EF4F00CA48B3 /* LyricsUITests.swift */,
				E042476B2A02EF4F00CA48B3 /* LyricsUITestsLaunchTests.swift */,
			);
			path = LyricsUITests;
			sourceTree = "<group>";
		};
		E04247782A02EF6C00CA48B3 /* Core */ = {
			isa = PBXGroup;
			children = (
				E0CC33172A03FF8800CC38C6 /* Main */,
				E0CA85112B081D5100188CD0 /* Components */,
				E0CDF1282A18073100DE8265 /* Folder */,
				E06D77802A17B4240032332F /* Settings */,
				E0F95C842A13C74100C2D21C /* Profile */,
				E050D1552A030303004CC45E /* Menu */,
				E050D14B2A02FD3D004CC45E /* Welcome */,
				E04247902A02F5FA00CA48B3 /* Authentication */,
				E04247792A02EF6E00CA48B3 /* Song */,
			);
			path = Core;
			sourceTree = "<group>";
		};
		E04247792A02EF6E00CA48B3 /* Song */ = {
			isa = PBXGroup;
			children = (
				E0CC33252A040D4300CC38C6 /* Views */,
				E0CC33242A040D3F00CC38C6 /* View Model */,
			);
			path = Song;
			sourceTree = "<group>";
		};
		E04247802A02EFAE00CA48B3 /* Model */ = {
			isa = PBXGroup;
			children = (
				E05B9A7A2BCED9CB000292FA /* SharedFolder.swift */,
				E05B9A792BCED9CB000292FA /* SharedSong.swift */,
				E04247B22A02F6DF00CA48B3 /* User.swift */,
				E0C492E42A0BDFC6002E9EA0 /* Folder.swift */,
				E04247812A02EFC500CA48B3 /* Song.swift */,
				E006A0582A214CAA00CE468A /* RecentlyDeletedSong.swift */,
				E06076B92A94C1DD00ECB31F /* SystemDoc.swift */,
				E0D411BD2A9FF12300859E4E /* Notification.swift */,
				E04CB96D2BCB618C00F2831B /* ShareRequest.swift */,
				E0A8F5052BD06887009275A2 /* Version.swift */,
				E0B094BC2BD220E500F92BE6 /* SongVariation.swift */,
				E05B9A7D2BCF2351000292FA /* FolderSong.swift */,
			);
			path = Model;
			sourceTree = "<group>";
		};
		E04247902A02F5FA00CA48B3 /* Authentication */ = {
			isa = PBXGroup;
			children = (
				E04247912A02F5FA00CA48B3 /* ViewModel */,
				E04247932A02F5FA00CA48B3 /* Views */,
			);
			path = Authentication;
			sourceTree = "<group>";
		};
		E04247912A02F5FA00CA48B3 /* ViewModel */ = {
			isa = PBXGroup;
			children = (
				E04247922A02F5FA00CA48B3 /* AuthViewModel.swift */,
			);
			path = ViewModel;
			sourceTree = "<group>";
		};
		E04247932A02F5FA00CA48B3 /* Views */ = {
			isa = PBXGroup;
			children = (
				E04247952A02F5FB00CA48B3 /* LoginView.swift */,
				E04247942A02F5FA00CA48B3 /* RegistrationView.swift */,
				E0B695532A141E7700FAAD5A /* ResetPasswordView.swift */,
				E03BC0922B5C232B004261AF /* ChooseAuthView.swift */,
			);
			path = Views;
			sourceTree = "<group>";
		};
		E04247A42A02F6A400CA48B3 /* Utils */ = {
			isa = PBXGroup;
			children = (
				E0176EA62A5491BB00B6AA69 /* NetworkManager.swift */,
				E0A5A4AF2A0A8F9C00AF8EBF /* WebView.swift */,
				E0F95C822A13C2E000C2D21C /* MailView.swift */,
				E041055E2A90029900215FB0 /* HapticManager.swift */,
				E06076B72A94BB5200ECB31F /* NotificationManager.swift */,
				E00E845C2B222AEB00573A9F /* StoreKitManager.swift */,
			);
			path = Utils;
			sourceTree = "<group>";
		};
		E04247A92A02F6B500CA48B3 /* Service */ = {
			isa = PBXGroup;
			children = (
				E0CC33202A04064500CC38C6 /* SongService.swift */,
				E04247AB2A02F6B500CA48B3 /* UserService.swift */,
			);
			path = Service;
			sourceTree = "<group>";
		};
		E045BE212AF991FD00FC3EF1 /* Components */ = {
			isa = PBXGroup;
			children = (
				E065D20A2B449BEA00F035F7 /* Sort */,
				E045BE222AF992FE00FC3EF1 /* ToolsView.swift */,
			);
			path = Components;
			sourceTree = "<group>";
		};
		E04CB9692BCB5FE100F2831B /* Share */ = {
			isa = PBXGroup;
			children = (
				E04CB9662BCB5FE100F2831B /* SongShareDetailView.swift */,
				E04CB9672BCB5FE100F2831B /* SongShareRowView.swift */,
				E04CB9682BCB5FE100F2831B /* ShareView.swift */,
			);
			path = Share;
			sourceTree = "<group>";
		};
		E050D14B2A02FD3D004CC45E /* Welcome */ = {
			isa = PBXGroup;
			children = (
				E0B02B9D2AF5A374002E10D4 /* Intro */,
			);
			path = Welcome;
			sourceTree = "<group>";
		};
		E050D1552A030303004CC45E /* Menu */ = {
			isa = PBXGroup;
			children = (
				E050D1582A03031B004CC45E /* MenuView.swift */,
			);
			path = Menu;
			sourceTree = "<group>";
		};
		E050D15C2A03035F004CC45E /* Extensions */ = {
			isa = PBXGroup;
			children = (
				E0E79D4B2B5F00FF0030186C /* Delegates */,
				E050D15D2A030368004CC45E /* Extensions.swift */,
				E075DDC42AF43CBE00AE8C9D /* ScrollViewWrapper.swift */,
				E0B02B942AF572F8002E10D4 /* TipKit.swift */,
			);
			path = Extensions;
			sourceTree = "<group>";
		};
		E052264A2A1BB12600ECF255 /* New */ = {
			isa = PBXGroup;
			children = (
				E0CC33222A040BB700CC38C6 /* NewSongView.swift */,
				E01520E12A872EF4005C4F8C /* AddSongsView.swift */,
			);
			path = New;
			sourceTree = "<group>";
		};
		E052264B2A1BB12F00ECF255 /* Edit */ = {
			isa = PBXGroup;
			children = (
				E0CDF1372A181D2500DE8265 /* SongEditView.swift */,
			);
			path = Edit;
			sourceTree = "<group>";
		};
		E052264E2A1BB99300ECF255 /* Move */ = {
			isa = PBXGroup;
			children = (
				E05226512A1BBCFC00ECF255 /* SongMoveView.swift */,
				E0106C832A1EA1A0007D99DF /* MoveRowView.swift */,
			);
			path = Move;
			sourceTree = "<group>";
		};
		E065D20A2B449BEA00F035F7 /* Sort */ = {
			isa = PBXGroup;
			children = (
				E065D20D2B449E3A00F035F7 /* ViewModel */,
				E0C078272B4463FB00F91287 /* SortView.swift */,
				E065D20B2B449BF900F035F7 /* SortSelectionEnum.swift */,
			);
			path = Sort;
			sourceTree = "<group>";
		};
		E065D20D2B449E3A00F035F7 /* ViewModel */ = {
			isa = PBXGroup;
			children = (
				E065D20E2B449E4500F035F7 /* SortViewModel.swift */,
			);
			path = ViewModel;
			sourceTree = "<group>";
		};
		E06D77802A17B4240032332F /* Settings */ = {
			isa = PBXGroup;
			children = (
				E06D77822A17B4390032332F /* ViewModel */,
				E06D77812A17B4300032332F /* Views */,
			);
			path = Settings;
			sourceTree = "<group>";
		};
		E06D77812A17B4300032332F /* Views */ = {
			isa = PBXGroup;
			children = (
				E04FB1152A17D356002FEEA4 /* SettingsView.swift */,
			);
			path = Views;
			sourceTree = "<group>";
		};
		E06D77822A17B4390032332F /* ViewModel */ = {
			isa = PBXGroup;
			children = (
				E06D77882A17CF310032332F /* SettingsViewModel.swift */,
			);
			path = ViewModel;
			sourceTree = "<group>";
		};
		E06D77852A17CD580032332F /* Views */ = {
			isa = PBXGroup;
			children = (
				E0F95C852A13C74C00C2D21C /* ProfileView.swift */,
				E06D77832A17CAA50032332F /* EditPasswordView.swift */,
			);
			path = Views;
			sourceTree = "<group>";
		};
		E06D77862A17CD5A0032332F /* View Model */ = {
			isa = PBXGroup;
			children = (
				E04FB1182A17D6F0002FEEA4 /* ProfileViewModel.swift */,
			);
			path = "View Model";
			sourceTree = "<group>";
		};
		E0710A8E2A2A73F0004D62E8 /* Detail */ = {
			isa = PBXGroup;
			children = (
				E004F4252A69C2D40089B6DF /* PlayView.swift */,
				E042477E2A02EF8F00CA48B3 /* SongDetailView.swift */,
				E079AE362A81928B006C4B55 /* NewPlayViewView.swift */,
				E0867CED2BD57812005605CD /* SongDetailMenuView.swift */,
			);
			path = Detail;
			sourceTree = "<group>";
		};
		E0986BE92B2B50FC00CE938B /* Resources */ = {
			isa = PBXGroup;
			children = (
				E0019D202BC6D3ED00DABECB /* Metronome */,
				E0FC1E1D2BC4760A008D8549 /* FontAwesome */,
				E0986BF32B2B512500CE938B /* Fonts */,
			);
			path = Resources;
			sourceTree = "<group>";
		};
		E0986BF32B2B512500CE938B /* Fonts */ = {
			isa = PBXGroup;
			children = (
				E0986BEC2B2B512300CE938B /* Font Awesome 6 Brands-Regular-400.otf */,
				E0986BED2B2B512300CE938B /* Font Awesome 6 Duotone-Solid-900.otf */,
				E0986BEE2B2B512400CE938B /* Font Awesome 6 Pro-Light-300.otf */,
				E0986BEB2B2B512300CE938B /* Font Awesome 6 Pro-Regular-400.otf */,
				E0986BF42B2B512500CE938B /* Font Awesome 6 Pro-Solid-900.otf */,
				E0986BF02B2B512400CE938B /* Font Awesome 6 Pro-Thin-100.otf */,
				E0986BEF2B2B512400CE938B /* Font Awesome 6 Sharp-Light-300.otf */,
				E0986BF12B2B512400CE938B /* Font Awesome 6 Sharp-Regular-400.otf */,
				E0986BEA2B2B512300CE938B /* Font Awesome 6 Sharp-Solid-900.otf */,
				E0986BF22B2B512500CE938B /* Font Awesome 6 Sharp-Thin-100.otf */,
			);
			path = Fonts;
			sourceTree = "<group>";
		};
		E0B02B9D2AF5A374002E10D4 /* Intro */ = {
			isa = PBXGroup;
			children = (
				E0B02B9B2AF592F2002E10D4 /* ShowWhatsNew.swift */,
				E0B02B9E2AF5A389002E10D4 /* FeaturesView.swift */,
			);
			path = Intro;
			sourceTree = "<group>";
		};
		E0B4CF1A2BD2F00C00F143E9 /* Variations */ = {
			isa = PBXGroup;
			children = (
				E0B094BE2BD2252700F92BE6 /* NewSongVariationView.swift */,
				E0B4CF1B2BD2F01D00F143E9 /* SongVariationEditView.swift */,
			);
			path = Variations;
			sourceTree = "<group>";
		};
		E0C168332B59BC9900A12C59 /* Intents */ = {
			isa = PBXGroup;
			children = (
				E0C168342B59BCBF00A12C59 /* Shortcuts.swift */,
				E0C168362B59BCEA00A12C59 /* Intents.swift */,
			);
			path = Intents;
			sourceTree = "<group>";
		};
		E0CA78BA2BC5A375004CEA73 /* RecentlyDeleted */ = {
			isa = PBXGroup;
			children = (
				E0CA78BE2BC5A38A004CEA73 /* ViewModel */,
				E0CA78BD2BC5A385004CEA73 /* Views */,
			);
			path = RecentlyDeleted;
			sourceTree = "<group>";
		};
		E0CA78BD2BC5A385004CEA73 /* Views */ = {
			isa = PBXGroup;
			children = (
				E006A0562A2146EE00CE468A /* RecentlyDeletedView.swift */,
			);
			path = Views;
			sourceTree = "<group>";
		};
		E0CA78BE2BC5A38A004CEA73 /* ViewModel */ = {
			isa = PBXGroup;
			children = (
				E0CA78BB2BC5A380004CEA73 /* RecentlyDeletedViewModel.swift */,
			);
			path = ViewModel;
			sourceTree = "<group>";
		};
		E0CA85112B081D5100188CD0 /* Components */ = {
			isa = PBXGroup;
			children = (
				E01EB4462B210FE3009C48F2 /* Ads */,
				E0CA85122B081D5100188CD0 /* Navigation & System */,
				E0CA85222B081D5100188CD0 /* Loading */,
				E0CA85242B081D5100188CD0 /* Input */,
				E0CA85272B081D5100188CD0 /* List */,
				E0CA852E2B081D5100188CD0 /* Notifications */,
			);
			path = Components;
			sourceTree = "<group>";
		};
		E0CA85122B081D5100188CD0 /* Navigation & System */ = {
			isa = PBXGroup;
			children = (
				E0CA85192B081D5100188CD0 /* Sheet */,
				E0CA85132B081D5100188CD0 /* Alert */,
				E0CA85152B081D5100188CD0 /* Search */,
				E0CA851B2B081D5100188CD0 /* Nav Bar */,
			);
			path = "Navigation & System";
			sourceTree = "<group>";
		};
		E0CA85132B081D5100188CD0 /* Alert */ = {
			isa = PBXGroup;
			children = (
				E0CA85142B081D5100188CD0 /* AlertView.swift */,
			);
			path = Alert;
			sourceTree = "<group>";
		};
		E0CA85152B081D5100188CD0 /* Search */ = {
			isa = PBXGroup;
			children = (
				E0CA851D2B081D5100188CD0 /* CustomSearchBar.swift */,
			);
			path = Search;
			sourceTree = "<group>";
		};
		E0CA85192B081D5100188CD0 /* Sheet */ = {
			isa = PBXGroup;
			children = (
				E0CA851A2B081D5100188CD0 /* SheetCloseButton.swift */,
			);
			path = Sheet;
			sourceTree = "<group>";
		};
		E0CA851B2B081D5100188CD0 /* Nav Bar */ = {
			isa = PBXGroup;
			children = (
				E0CA85202B081D5100188CD0 /* Modifers.swift */,
				E0CA85212B081D5100188CD0 /* Views */,
				E0CA851E2B081D5100188CD0 /* Model */,
			);
			path = "Nav Bar";
			sourceTree = "<group>";
		};
		E0CA851E2B081D5100188CD0 /* Model */ = {
			isa = PBXGroup;
			children = (
				E0CA851F2B081D5100188CD0 /* NavBarEnum.swift */,
			);
			path = Model;
			sourceTree = "<group>";
		};
		E0CA85212B081D5100188CD0 /* Views */ = {
			isa = PBXGroup;
			children = (
				E0CA851C2B081D5100188CD0 /* CustomNavBar.swift */,
			);
			path = Views;
			sourceTree = "<group>";
		};
		E0CA85222B081D5100188CD0 /* Loading */ = {
			isa = PBXGroup;
			children = (
				E0CA85232B081D5100188CD0 /* LoadingView.swift */,
			);
			path = Loading;
			sourceTree = "<group>";
		};
		E0CA85242B081D5100188CD0 /* Input */ = {
			isa = PBXGroup;
			children = (
				E0CA85252B081D5100188CD0 /* CustomTextField.swift */,
				E0CA85262B081D5100188CD0 /* CustomPasswordField.swift */,
			);
			path = Input;
			sourceTree = "<group>";
		};
		E0CA85272B081D5100188CD0 /* List */ = {
			isa = PBXGroup;
			children = (
				E0CA85292B081D5100188CD0 /* ListIconButtonView.swift */,
				E0CA85162B081D5100188CD0 /* ListRowView.swift */,
				E0CA852A2B081D5100188CD0 /* ListEditButtonView.swift */,
				E0CA852B2B081D5100188CD0 /* ListHeaderView.swift */,
			);
			path = List;
			sourceTree = "<group>";
		};
		E0CA852E2B081D5100188CD0 /* Notifications */ = {
			isa = PBXGroup;
			children = (
				E0CA852F2B081D5100188CD0 /* NotificationRowView.swift */,
			);
			path = Notifications;
			sourceTree = "<group>";
		};
		E0CC33172A03FF8800CC38C6 /* Main */ = {
			isa = PBXGroup;
			children = (
				E0CC331B2A0405C400CC38C6 /* View Model */,
				E0CC331A2A0405C100CC38C6 /* Views */,
			);
			path = Main;
			sourceTree = "<group>";
		};
		E0CC331A2A0405C100CC38C6 /* Views */ = {
			isa = PBXGroup;
			children = (
				E045BE212AF991FD00FC3EF1 /* Components */,
				E0CC33182A03FF8F00CC38C6 /* MainView.swift */,
				E0C1D39E2BC07CB3004DD828 /* TaggedSongsView.swift */,
				E0CA78BA2BC5A375004CEA73 /* RecentlyDeleted */,
			);
			path = Views;
			sourceTree = "<group>";
		};
		E0CC331B2A0405C400CC38C6 /* View Model */ = {
			isa = PBXGroup;
			children = (
				E0CC331C2A0405CE00CC38C6 /* MainViewModel.swift */,
			);
			path = "View Model";
			sourceTree = "<group>";
		};
		E0CC33242A040D3F00CC38C6 /* View Model */ = {
			isa = PBXGroup;
			children = (
				E0CC33262A040D5500CC38C6 /* SongViewModel.swift */,
			);
			path = "View Model";
			sourceTree = "<group>";
		};
		E0CC33252A040D4300CC38C6 /* Views */ = {
			isa = PBXGroup;
			children = (
				E0B4CF1A2BD2F00C00F143E9 /* Variations */,
				E0710A8E2A2A73F0004D62E8 /* Detail */,
				E04CB9692BCB5FE100F2831B /* Share */,
				E0D3AA8C2BBC6B3B005650F5 /* Tag */,
				E0E0B2062A4CC33100A972E0 /* Notes */,
				E052264E2A1BB99300ECF255 /* Move */,
				E052264B2A1BB12F00ECF255 /* Edit */,
				E052264A2A1BB12600ECF255 /* New */,
			);
			path = Views;
			sourceTree = "<group>";
		};
		E0CDF1282A18073100DE8265 /* Folder */ = {
			isa = PBXGroup;
			children = (
				E0CDF12D2A18074C00DE8265 /* NewFolderView.swift */,
				E052264C2A1BB1CF00ECF255 /* FolderEditView.swift */,
			);
			path = Folder;
			sourceTree = "<group>";
		};
		E0D3AA8C2BBC6B3B005650F5 /* Tag */ = {
			isa = PBXGroup;
			children = (
				E0D3AA912BBC6B78005650F5 /* ViewModel */,
				E0D3AA902BBC6B75005650F5 /* Views */,
			);
			path = Tag;
			sourceTree = "<group>";
		};
		E0D3AA902BBC6B75005650F5 /* Views */ = {
			isa = PBXGroup;
			children = (
				E0D3AA8D2BBC6B44005650F5 /* SongTagView.swift */,
			);
			path = Views;
			sourceTree = "<group>";
		};
		E0D3AA912BBC6B78005650F5 /* ViewModel */ = {
			isa = PBXGroup;
			children = (
				E0D3AA922BBC6B86005650F5 /* TagSelectionEnum.swift */,
			);
			path = ViewModel;
			sourceTree = "<group>";
		};
		E0E0B2062A4CC33100A972E0 /* Notes */ = {
			isa = PBXGroup;
			children = (
				E0E0B20A2A4CC48000A972E0 /* View Model */,
				E0E0B2072A4CC33400A972E0 /* Views */,
			);
			path = Notes;
			sourceTree = "<group>";
		};
		E0E0B2072A4CC33400A972E0 /* Views */ = {
			isa = PBXGroup;
			children = (
				E0E0B2082A4CC33A00A972E0 /* NotesView.swift */,
			);
			path = Views;
			sourceTree = "<group>";
		};
		E0E0B20A2A4CC48000A972E0 /* View Model */ = {
			isa = PBXGroup;
			children = (
				E0E0B20B2A4CC48A00A972E0 /* NotesViewModel.swift */,
			);
			path = "View Model";
			sourceTree = "<group>";
		};
		E0E79D4B2B5F00FF0030186C /* Delegates */ = {
			isa = PBXGroup;
			children = (
				E0E79D4C2B5F010B0030186C /* FolderDropViewDelegate.swift */,
				E0C139E92BCA30B300317A7B /* FolderSongDropViewDelegate.swift */,
				E0E79D4E2B5F01330030186C /* SongDropViewDelegate.swift */,
			);
			path = Delegates;
			sourceTree = "<group>";
		};
		E0ED899C2A4E091C00EB4A89 /* Frameworks */ = {
			isa = PBXGroup;
			children = (
				E0E1AE782B23B6EC0085B8CC /* StoreKit.framework */,
				E05F2E7B2A55CFFD005E819C /* Python3.framework */,
			);
			name = Frameworks;
			sourceTree = "<group>";
		};
		E0F95C842A13C74100C2D21C /* Profile */ = {
			isa = PBXGroup;
			children = (
				E06D77862A17CD5A0032332F /* View Model */,
				E06D77852A17CD580032332F /* Views */,
			);
			path = Profile;
			sourceTree = "<group>";
		};
		E0FC1E1D2BC4760A008D8549 /* FontAwesome */ = {
			isa = PBXGroup;
			children = (
				E0FC1E1E2BC47617008D8549 /* FAIcon.swift */,
				E0FC1E1F2BC47617008D8549 /* FAText.swift */,
				E0FC1E202BC47617008D8549 /* FontAwesome.swift */,
			);
			path = FontAwesome;
			sourceTree = "<group>";
		};
/* End PBXGroup section */

/* Begin PBXNativeTarget section */
		E04247492A02EF4E00CA48B3 /* Lyrics */ = {
			isa = PBXNativeTarget;
			buildConfigurationList = E042476F2A02EF4F00CA48B3 /* Build configuration list for PBXNativeTarget "Lyrics" */;
			buildPhases = (
				E04247462A02EF4E00CA48B3 /* Sources */,
				E04247472A02EF4E00CA48B3 /* Frameworks */,
				E04247482A02EF4E00CA48B3 /* Resources */,
			);
			buildRules = (
			);
			dependencies = (
			);
			name = Lyrics;
			packageProductDependencies = (
				E0C138DF2BBCAB12003C0D10 /* GoogleMobileAds */,
				E03540F82BC05A3400273830 /* FirebaseAnalytics */,
				E03540FA2BC05A3400273830 /* FirebaseAuth */,
				E03540FC2BC05A3400273830 /* FirebaseFirestore */,
				E03540FE2BC05A3400273830 /* FirebaseFirestoreSwift */,
				E03541002BC05A3400273830 /* FirebaseMessaging */,
				E03541022BC05A3400273830 /* FirebaseRemoteConfig */,
				E03541042BC05A3400273830 /* FirebaseRemoteConfigSwift */,
				E0019D2A2BC7257000DABECB /* SwiftUIIntrospect */,
				E0867CF02BD5989B005605CD /* BottomSheet */,
			);
			productName = Lyrics;
			productReference = E042474A2A02EF4E00CA48B3 /* Lyrics.app */;
			productType = "com.apple.product-type.application";
		};
		E042475A2A02EF4F00CA48B3 /* LyricsTests */ = {
			isa = PBXNativeTarget;
			buildConfigurationList = E04247722A02EF4F00CA48B3 /* Build configuration list for PBXNativeTarget "LyricsTests" */;
			buildPhases = (
				E04247572A02EF4F00CA48B3 /* Sources */,
				E04247582A02EF4F00CA48B3 /* Frameworks */,
				E04247592A02EF4F00CA48B3 /* Resources */,
			);
			buildRules = (
			);
			dependencies = (
				E042475D2A02EF4F00CA48B3 /* PBXTargetDependency */,
			);
			name = LyricsTests;
			productName = LyricsTests;
			productReference = E042475B2A02EF4F00CA48B3 /* LyricsTests.xctest */;
			productType = "com.apple.product-type.bundle.unit-test";
		};
		E04247642A02EF4F00CA48B3 /* LyricsUITests */ = {
			isa = PBXNativeTarget;
			buildConfigurationList = E04247752A02EF4F00CA48B3 /* Build configuration list for PBXNativeTarget "LyricsUITests" */;
			buildPhases = (
				E04247612A02EF4F00CA48B3 /* Sources */,
				E04247622A02EF4F00CA48B3 /* Frameworks */,
				E04247632A02EF4F00CA48B3 /* Resources */,
			);
			buildRules = (
			);
			dependencies = (
				E04247672A02EF4F00CA48B3 /* PBXTargetDependency */,
			);
			name = LyricsUITests;
			productName = LyricsUITests;
			productReference = E04247652A02EF4F00CA48B3 /* LyricsUITests.xctest */;
			productType = "com.apple.product-type.bundle.ui-testing";
		};
/* End PBXNativeTarget section */

/* Begin PBXProject section */
		E04247422A02EF4E00CA48B3 /* Project object */ = {
			isa = PBXProject;
			attributes = {
				BuildIndependentTargetsInParallel = 1;
				LastSwiftUpdateCheck = 1430;
				LastUpgradeCheck = 1530;
				TargetAttributes = {
					E04247492A02EF4E00CA48B3 = {
						CreatedOnToolsVersion = 14.3;
					};
					E042475A2A02EF4F00CA48B3 = {
						CreatedOnToolsVersion = 14.3;
						TestTargetID = E04247492A02EF4E00CA48B3;
					};
					E04247642A02EF4F00CA48B3 = {
						CreatedOnToolsVersion = 14.3;
						TestTargetID = E04247492A02EF4E00CA48B3;
					};
				};
			};
			buildConfigurationList = E04247452A02EF4E00CA48B3 /* Build configuration list for PBXProject "Lyrics" */;
			compatibilityVersion = "Xcode 13.0";
			developmentRegion = en;
			hasScannedForEncodings = 0;
			knownRegions = (
				en,
				Base,
			);
			mainGroup = E04247412A02EF4E00CA48B3;
			packageReferences = (
				E0C138DE2BBCAB12003C0D10 /* XCRemoteSwiftPackageReference "swift-package-manager-google-mobile-ads" */,
				E03540F72BC05A3400273830 /* XCRemoteSwiftPackageReference "firebase-ios-sdk" */,
				E0019D292BC7257000DABECB /* XCRemoteSwiftPackageReference "swiftui-introspect" */,
				E0867CEF2BD5989B005605CD /* XCRemoteSwiftPackageReference "BottomSheet" */,
			);
			productRefGroup = E042474B2A02EF4E00CA48B3 /* Products */;
			projectDirPath = "";
			projectRoot = "";
			targets = (
				E04247492A02EF4E00CA48B3 /* Lyrics */,
				E042475A2A02EF4F00CA48B3 /* LyricsTests */,
				E04247642A02EF4F00CA48B3 /* LyricsUITests */,
			);
		};
/* End PBXProject section */

/* Begin PBXResourcesBuildPhase section */
		E04247482A02EF4E00CA48B3 /* Resources */ = {
			isa = PBXResourcesBuildPhase;
			buildActionMask = 2147483647;
			files = (
				E0986BF52B2B516900CE938B /* Font Awesome 6 Pro-Solid-900.otf in Resources */,
				E0986BFA2B2B516900CE938B /* Font Awesome 6 Pro-Regular-400.otf in Resources */,
				E0986BFC2B2B516900CE938B /* Font Awesome 6 Sharp-Light-300.otf in Resources */,
				E00E845F2B225C1000573A9F /* InAppPurchases.plist in Resources */,
				E01EB4452B20CA3A009C48F2 /* remote_config_defaults.plist in Resources */,
				E0019D282BC6E68100DABECB /* lo_click.wav in Resources */,
				E0986BFD2B2B516900CE938B /* Font Awesome 6 Duotone-Solid-900.otf in Resources */,
				E0986BF72B2B516900CE938B /* Font Awesome 6 Pro-Thin-100.otf in Resources */,
				E04247562A02EF4F00CA48B3 /* Preview Assets.xcassets in Resources */,
				E0986BF82B2B516900CE938B /* Font Awesome 6 Pro-Light-300.otf in Resources */,
				E0986BF92B2B516900CE938B /* Font Awesome 6 Sharp-Thin-100.otf in Resources */,
				E0986BFE2B2B516900CE938B /* Font Awesome 6 Brands-Regular-400.otf in Resources */,
				E0986BF62B2B516900CE938B /* Font Awesome 6 Sharp-Solid-900.otf in Resources */,
				E0986BFB2B2B516900CE938B /* Font Awesome 6 Sharp-Regular-400.otf in Resources */,
				E02735A52B1FD4D70010C77D /* GoogleService-Info.plist in Resources */,
				E0019D272BC6E68100DABECB /* hi_click.wav in Resources */,
				E0A567E62AE8BE13007313FC /* Localizable.strings in Resources */,
				E0986BE82B2B50C400CE938B /* icons.json in Resources */,
				E04247522A02EF4F00CA48B3 /* Assets.xcassets in Resources */,
			);
			runOnlyForDeploymentPostprocessing = 0;
		};
		E04247592A02EF4F00CA48B3 /* Resources */ = {
			isa = PBXResourcesBuildPhase;
			buildActionMask = 2147483647;
			files = (
			);
			runOnlyForDeploymentPostprocessing = 0;
		};
		E04247632A02EF4F00CA48B3 /* Resources */ = {
			isa = PBXResourcesBuildPhase;
			buildActionMask = 2147483647;
			files = (
			);
			runOnlyForDeploymentPostprocessing = 0;
		};
/* End PBXResourcesBuildPhase section */

/* Begin PBXSourcesBuildPhase section */
		E04247462A02EF4E00CA48B3 /* Sources */ = {
			isa = PBXSourcesBuildPhase;
			buildActionMask = 2147483647;
			files = (
				E0F95C862A13C74C00C2D21C /* ProfileView.swift in Sources */,
				E03BC0932B5C232B004261AF /* ChooseAuthView.swift in Sources */,
				E0A5A4B02A0A8F9C00AF8EBF /* WebView.swift in Sources */,
				E06D77892A17CF310032332F /* SettingsViewModel.swift in Sources */,
				E004F4262A69C2D40089B6DF /* PlayView.swift in Sources */,
				E042477F2A02EF8F00CA48B3 /* SongDetailView.swift in Sources */,
				E0106C842A1EA1A1007D99DF /* MoveRowView.swift in Sources */,
				E0CDF1382A181D2500DE8265 /* SongEditView.swift in Sources */,
				E05B9A7E2BCF2351000292FA /* FolderSong.swift in Sources */,
				E04247B32A02F6DF00CA48B3 /* User.swift in Sources */,
				E065D20F2B449E4500F035F7 /* SortViewModel.swift in Sources */,
				E0CDF12E2A18074C00DE8265 /* NewFolderView.swift in Sources */,
				E0CC33212A04064500CC38C6 /* SongService.swift in Sources */,
				E04247502A02EF4E00CA48B3 /* ContentView.swift in Sources */,
				E04247972A02F5FB00CA48B3 /* AuthViewModel.swift in Sources */,
				E0CC33272A040D5500CC38C6 /* SongViewModel.swift in Sources */,
				E0B4CF1C2BD2F01D00F143E9 /* SongVariationEditView.swift in Sources */,
				E075DDC52AF43CBE00AE8C9D /* ScrollViewWrapper.swift in Sources */,
				E0CA78BC2BC5A381004CEA73 /* RecentlyDeletedViewModel.swift in Sources */,
				E0CA853D2B081D5100188CD0 /* ListIconButtonView.swift in Sources */,
				E04FB1192A17D6F0002FEEA4 /* ProfileViewModel.swift in Sources */,
				E079AE372A81928B006C4B55 /* NewPlayViewView.swift in Sources */,
				E04CB96C2BCB5FE100F2831B /* ShareView.swift in Sources */,
				E0E0B20C2A4CC48A00A972E0 /* NotesViewModel.swift in Sources */,
				E0CA85312B081D5100188CD0 /* ListRowView.swift in Sources */,
				E0C139EA2BCA30B300317A7B /* FolderSongDropViewDelegate.swift in Sources */,
				E0CA853A2B081D5100188CD0 /* CustomTextField.swift in Sources */,
				E0867CEE2BD57812005605CD /* SongDetailMenuView.swift in Sources */,
				E04CB96A2BCB5FE100F2831B /* SongShareDetailView.swift in Sources */,
				E006A0572A2146EE00CE468A /* RecentlyDeletedView.swift in Sources */,
				E0CA85342B081D5100188CD0 /* SheetCloseButton.swift in Sources */,
				E05B9A7C2BCED9CB000292FA /* SharedFolder.swift in Sources */,
				E0FC1E212BC47618008D8549 /* FAIcon.swift in Sources */,
				E041055F2A90029900215FB0 /* HapticManager.swift in Sources */,
				E01520E22A872EF4005C4F8C /* AddSongsView.swift in Sources */,
				E0FD46262B1F7DBD00699587 /* BannerAd.swift in Sources */,
				E0CA853B2B081D5100188CD0 /* CustomPasswordField.swift in Sources */,
				E006A0592A214CAA00CE468A /* RecentlyDeletedSong.swift in Sources */,
				E052264D2A1BB1CF00ECF255 /* FolderEditView.swift in Sources */,
				E0FC1E222BC47618008D8549 /* FAText.swift in Sources */,
				E0F95C832A13C2E000C2D21C /* MailView.swift in Sources */,
				E0CA85302B081D5100188CD0 /* AlertView.swift in Sources */,
				E050D15E2A030368004CC45E /* Extensions.swift in Sources */,
				E0C492E52A0BDFC6002E9EA0 /* Folder.swift in Sources */,
				E0D3AA8E2BBC6B44005650F5 /* SongTagView.swift in Sources */,
				E04FB1162A17D356002FEEA4 /* SettingsView.swift in Sources */,
				E0B094BF2BD2252700F92BE6 /* NewSongVariationView.swift in Sources */,
				E0E0B2092A4CC33A00A972E0 /* NotesView.swift in Sources */,
				E0CC33232A040BB700CC38C6 /* NewSongView.swift in Sources */,
				E050D1592A03031B004CC45E /* MenuView.swift in Sources */,
				E00E845D2B222AEB00573A9F /* StoreKitManager.swift in Sources */,
				E04247982A02F5FB00CA48B3 /* RegistrationView.swift in Sources */,
				E0CA85392B081D5100188CD0 /* LoadingView.swift in Sources */,
				E06D77842A17CAA50032332F /* EditPasswordView.swift in Sources */,
				E0CC33192A03FF8F00CC38C6 /* MainView.swift in Sources */,
				E0CC331D2A0405CE00CC38C6 /* MainViewModel.swift in Sources */,
				E0A8F5062BD06887009275A2 /* Version.swift in Sources */,
				E05B9A7B2BCED9CB000292FA /* SharedSong.swift in Sources */,
				E0E79D4F2B5F01330030186C /* SongDropViewDelegate.swift in Sources */,
				E0176EA72A5491BC00B6AA69 /* NetworkManager.swift in Sources */,
				E0D411BE2A9FF12300859E4E /* Notification.swift in Sources */,
				E05226522A1BBCFC00ECF255 /* SongMoveView.swift in Sources */,
				E0B695542A141E7700FAAD5A /* ResetPasswordView.swift in Sources */,
				E02F21E52B21130600302646 /* AdBannerView.swift in Sources */,
				E0CA85352B081D5100188CD0 /* CustomNavBar.swift in Sources */,
				E04CB96E2BCB618C00F2831B /* ShareRequest.swift in Sources */,
				E0CA85362B081D5100188CD0 /* CustomSearchBar.swift in Sources */,
				E0CA853F2B081D5100188CD0 /* ListHeaderView.swift in Sources */,
				E06076BA2A94C1DD00ECB31F /* SystemDoc.swift in Sources */,
				E0CA85412B081D5100188CD0 /* NotificationRowView.swift in Sources */,
				E0E79D4D2B5F010B0030186C /* FolderDropViewDelegate.swift in Sources */,
				E0C078282B4463FB00F91287 /* SortView.swift in Sources */,
				E0B02B9F2AF5A389002E10D4 /* FeaturesView.swift in Sources */,
				E04247AF2A02F6B500CA48B3 /* UserService.swift in Sources */,
				E0CA85382B081D5100188CD0 /* Modifers.swift in Sources */,
				E0CA85372B081D5100188CD0 /* NavBarEnum.swift in Sources */,
				E042474E2A02EF4E00CA48B3 /* LyricsApp.swift in Sources */,
				E065D20C2B449BF900F035F7 /* SortSelectionEnum.swift in Sources */,
				E0B02B952AF572F8002E10D4 /* TipKit.swift in Sources */,
				E04247992A02F5FB00CA48B3 /* LoginView.swift in Sources */,
				E045BE232AF992FE00FC3EF1 /* ToolsView.swift in Sources */,
				E0CA853E2B081D5100188CD0 /* ListEditButtonView.swift in Sources */,
				E06076B82A94BB5200ECB31F /* NotificationManager.swift in Sources */,
				E0B094BD2BD220E500F92BE6 /* SongVariation.swift in Sources */,
				E04247822A02EFC500CA48B3 /* Song.swift in Sources */,
				E0B02B9C2AF592F2002E10D4 /* ShowWhatsNew.swift in Sources */,
				E0FC1E232BC47618008D8549 /* FontAwesome.swift in Sources */,
				E04CB96B2BCB5FE100F2831B /* SongShareRowView.swift in Sources */,
				E0D3AA932BBC6B86005650F5 /* TagSelectionEnum.swift in Sources */,
			);
			runOnlyForDeploymentPostprocessing = 0;
		};
		E04247572A02EF4F00CA48B3 /* Sources */ = {
			isa = PBXSourcesBuildPhase;
			buildActionMask = 2147483647;
			files = (
				E04247602A02EF4F00CA48B3 /* LyricsTests.swift in Sources */,
			);
			runOnlyForDeploymentPostprocessing = 0;
		};
		E04247612A02EF4F00CA48B3 /* Sources */ = {
			isa = PBXSourcesBuildPhase;
			buildActionMask = 2147483647;
			files = (
				E042476C2A02EF4F00CA48B3 /* LyricsUITestsLaunchTests.swift in Sources */,
				E042476A2A02EF4F00CA48B3 /* LyricsUITests.swift in Sources */,
			);
			runOnlyForDeploymentPostprocessing = 0;
		};
/* End PBXSourcesBuildPhase section */

/* Begin PBXTargetDependency section */
		E042475D2A02EF4F00CA48B3 /* PBXTargetDependency */ = {
			isa = PBXTargetDependency;
			target = E04247492A02EF4E00CA48B3 /* Lyrics */;
			targetProxy = E042475C2A02EF4F00CA48B3 /* PBXContainerItemProxy */;
		};
		E04247672A02EF4F00CA48B3 /* PBXTargetDependency */ = {
			isa = PBXTargetDependency;
			target = E04247492A02EF4E00CA48B3 /* Lyrics */;
			targetProxy = E04247662A02EF4F00CA48B3 /* PBXContainerItemProxy */;
		};
/* End PBXTargetDependency section */

/* Begin PBXVariantGroup section */
		E0A567E82AE8BE13007313FC /* Localizable.strings */ = {
			isa = PBXVariantGroup;
			children = (
				E0A567E72AE8BE13007313FC /* en */,
			);
			name = Localizable.strings;
			sourceTree = "<group>";
		};
/* End PBXVariantGroup section */

/* Begin XCBuildConfiguration section */
		E042476D2A02EF4F00CA48B3 /* Debug */ = {
			isa = XCBuildConfiguration;
			buildSettings = {
				ALWAYS_SEARCH_USER_PATHS = NO;
				ASSETCATALOG_COMPILER_GENERATE_SWIFT_ASSET_SYMBOL_EXTENSIONS = YES;
				CLANG_ANALYZER_NONNULL = YES;
				CLANG_ANALYZER_NUMBER_OBJECT_CONVERSION = YES_AGGRESSIVE;
				CLANG_CXX_LANGUAGE_STANDARD = "gnu++20";
				CLANG_ENABLE_MODULES = YES;
				CLANG_ENABLE_OBJC_ARC = YES;
				CLANG_ENABLE_OBJC_WEAK = YES;
				CLANG_WARN_BLOCK_CAPTURE_AUTORELEASING = YES;
				CLANG_WARN_BOOL_CONVERSION = YES;
				CLANG_WARN_COMMA = YES;
				CLANG_WARN_CONSTANT_CONVERSION = YES;
				CLANG_WARN_DEPRECATED_OBJC_IMPLEMENTATIONS = YES;
				CLANG_WARN_DIRECT_OBJC_ISA_USAGE = YES_ERROR;
				CLANG_WARN_DOCUMENTATION_COMMENTS = YES;
				CLANG_WARN_EMPTY_BODY = YES;
				CLANG_WARN_ENUM_CONVERSION = YES;
				CLANG_WARN_INFINITE_RECURSION = YES;
				CLANG_WARN_INT_CONVERSION = YES;
				CLANG_WARN_NON_LITERAL_NULL_CONVERSION = YES;
				CLANG_WARN_OBJC_IMPLICIT_RETAIN_SELF = YES;
				CLANG_WARN_OBJC_LITERAL_CONVERSION = YES;
				CLANG_WARN_OBJC_ROOT_CLASS = YES_ERROR;
				CLANG_WARN_QUOTED_INCLUDE_IN_FRAMEWORK_HEADER = YES;
				CLANG_WARN_RANGE_LOOP_ANALYSIS = YES;
				CLANG_WARN_STRICT_PROTOTYPES = YES;
				CLANG_WARN_SUSPICIOUS_MOVE = YES;
				CLANG_WARN_UNGUARDED_AVAILABILITY = YES_AGGRESSIVE;
				CLANG_WARN_UNREACHABLE_CODE = YES;
				CLANG_WARN__DUPLICATE_METHOD_MATCH = YES;
				COPY_PHASE_STRIP = NO;
				DEAD_CODE_STRIPPING = YES;
				DEBUG_INFORMATION_FORMAT = dwarf;
				ENABLE_STRICT_OBJC_MSGSEND = YES;
				ENABLE_TESTABILITY = YES;
				ENABLE_USER_SCRIPT_SANDBOXING = YES;
				GCC_C_LANGUAGE_STANDARD = gnu11;
				GCC_DYNAMIC_NO_PIC = NO;
				GCC_NO_COMMON_BLOCKS = YES;
				GCC_OPTIMIZATION_LEVEL = 0;
				GCC_PREPROCESSOR_DEFINITIONS = (
					"DEBUG=1",
					"$(inherited)",
				);
				GCC_WARN_64_TO_32_BIT_CONVERSION = YES;
				GCC_WARN_ABOUT_RETURN_TYPE = YES_ERROR;
				GCC_WARN_UNDECLARED_SELECTOR = YES;
				GCC_WARN_UNINITIALIZED_AUTOS = YES_AGGRESSIVE;
				GCC_WARN_UNUSED_FUNCTION = YES;
				GCC_WARN_UNUSED_VARIABLE = YES;
				IPHONEOS_DEPLOYMENT_TARGET = 15.0;
				MACOSX_DEPLOYMENT_TARGET = 12.0;
				MTL_ENABLE_DEBUG_INFO = INCLUDE_SOURCE;
				MTL_FAST_MATH = YES;
				ONLY_ACTIVE_ARCH = YES;
				"OTHER_LDFLAGS[arch=*]" = "-ObjC ";
				SWIFT_ACTIVE_COMPILATION_CONDITIONS = DEBUG;
				SWIFT_OPTIMIZATION_LEVEL = "-Onone";
			};
			name = Debug;
		};
		E042476E2A02EF4F00CA48B3 /* Release */ = {
			isa = XCBuildConfiguration;
			buildSettings = {
				ALWAYS_SEARCH_USER_PATHS = NO;
				ASSETCATALOG_COMPILER_GENERATE_SWIFT_ASSET_SYMBOL_EXTENSIONS = YES;
				CLANG_ANALYZER_NONNULL = YES;
				CLANG_ANALYZER_NUMBER_OBJECT_CONVERSION = YES_AGGRESSIVE;
				CLANG_CXX_LANGUAGE_STANDARD = "gnu++20";
				CLANG_ENABLE_MODULES = YES;
				CLANG_ENABLE_OBJC_ARC = YES;
				CLANG_ENABLE_OBJC_WEAK = YES;
				CLANG_WARN_BLOCK_CAPTURE_AUTORELEASING = YES;
				CLANG_WARN_BOOL_CONVERSION = YES;
				CLANG_WARN_COMMA = YES;
				CLANG_WARN_CONSTANT_CONVERSION = YES;
				CLANG_WARN_DEPRECATED_OBJC_IMPLEMENTATIONS = YES;
				CLANG_WARN_DIRECT_OBJC_ISA_USAGE = YES_ERROR;
				CLANG_WARN_DOCUMENTATION_COMMENTS = YES;
				CLANG_WARN_EMPTY_BODY = YES;
				CLANG_WARN_ENUM_CONVERSION = YES;
				CLANG_WARN_INFINITE_RECURSION = YES;
				CLANG_WARN_INT_CONVERSION = YES;
				CLANG_WARN_NON_LITERAL_NULL_CONVERSION = YES;
				CLANG_WARN_OBJC_IMPLICIT_RETAIN_SELF = YES;
				CLANG_WARN_OBJC_LITERAL_CONVERSION = YES;
				CLANG_WARN_OBJC_ROOT_CLASS = YES_ERROR;
				CLANG_WARN_QUOTED_INCLUDE_IN_FRAMEWORK_HEADER = YES;
				CLANG_WARN_RANGE_LOOP_ANALYSIS = YES;
				CLANG_WARN_STRICT_PROTOTYPES = YES;
				CLANG_WARN_SUSPICIOUS_MOVE = YES;
				CLANG_WARN_UNGUARDED_AVAILABILITY = YES_AGGRESSIVE;
				CLANG_WARN_UNREACHABLE_CODE = YES;
				CLANG_WARN__DUPLICATE_METHOD_MATCH = YES;
				COPY_PHASE_STRIP = NO;
				DEAD_CODE_STRIPPING = YES;
				DEBUG_INFORMATION_FORMAT = "dwarf-with-dsym";
				ENABLE_NS_ASSERTIONS = NO;
				ENABLE_STRICT_OBJC_MSGSEND = YES;
				ENABLE_USER_SCRIPT_SANDBOXING = YES;
				GCC_C_LANGUAGE_STANDARD = gnu11;
				GCC_NO_COMMON_BLOCKS = YES;
				GCC_WARN_64_TO_32_BIT_CONVERSION = YES;
				GCC_WARN_ABOUT_RETURN_TYPE = YES_ERROR;
				GCC_WARN_UNDECLARED_SELECTOR = YES;
				GCC_WARN_UNINITIALIZED_AUTOS = YES_AGGRESSIVE;
				GCC_WARN_UNUSED_FUNCTION = YES;
				GCC_WARN_UNUSED_VARIABLE = YES;
				IPHONEOS_DEPLOYMENT_TARGET = 15.0;
				MACOSX_DEPLOYMENT_TARGET = 12.0;
				MTL_ENABLE_DEBUG_INFO = NO;
				MTL_FAST_MATH = YES;
				"OTHER_LDFLAGS[arch=*]" = "-ObjC ";
				SWIFT_COMPILATION_MODE = wholemodule;
				SWIFT_OPTIMIZATION_LEVEL = "-O";
			};
			name = Release;
		};
		E04247702A02EF4F00CA48B3 /* Debug */ = {
			isa = XCBuildConfiguration;
			buildSettings = {
				ASSETCATALOG_COMPILER_APPICON_NAME = AppIcon;
				ASSETCATALOG_COMPILER_GLOBAL_ACCENT_COLOR_NAME = AccentColor;
				ASSETCATALOG_COMPILER_INCLUDE_ALL_APPICON_ASSETS = NO;
				CODE_SIGN_ENTITLEMENTS = Lyrics/Lyrics.entitlements;
				CODE_SIGN_IDENTITY = "Apple Development";
				CODE_SIGN_STYLE = Automatic;
				CURRENT_PROJECT_VERSION = 1;
				DEAD_CODE_STRIPPING = YES;
				DEVELOPMENT_ASSET_PATHS = "\"Lyrics/Preview Content\"";
				DEVELOPMENT_TEAM = Y22PRZL3N4;
				ENABLE_HARDENED_RUNTIME = YES;
				ENABLE_PREVIEWS = YES;
				GENERATE_INFOPLIST_FILE = YES;
				INFOPLIST_FILE = Lyrics/Info.plist;
				INFOPLIST_KEY_CFBundleDisplayName = "Live Lyrics";
				INFOPLIST_KEY_LSApplicationCategoryType = "public.app-category.productivity";
				"INFOPLIST_KEY_UIApplicationSceneManifest_Generation[sdk=iphoneos*]" = YES;
				"INFOPLIST_KEY_UIApplicationSceneManifest_Generation[sdk=iphonesimulator*]" = YES;
				"INFOPLIST_KEY_UIApplicationSupportsIndirectInputEvents[sdk=iphoneos*]" = YES;
				"INFOPLIST_KEY_UIApplicationSupportsIndirectInputEvents[sdk=iphonesimulator*]" = YES;
				"INFOPLIST_KEY_UILaunchScreen_Generation[sdk=iphoneos*]" = YES;
				"INFOPLIST_KEY_UILaunchScreen_Generation[sdk=iphonesimulator*]" = YES;
				INFOPLIST_KEY_UIStatusBarStyle = "";
				"INFOPLIST_KEY_UIStatusBarStyle[sdk=iphoneos*]" = UIStatusBarStyleDefault;
				"INFOPLIST_KEY_UIStatusBarStyle[sdk=iphonesimulator*]" = UIStatusBarStyleDefault;
				INFOPLIST_KEY_UISupportedInterfaceOrientations_iPad = "UIInterfaceOrientationPortrait UIInterfaceOrientationPortraitUpsideDown UIInterfaceOrientationLandscapeLeft UIInterfaceOrientationLandscapeRight";
				INFOPLIST_KEY_UISupportedInterfaceOrientations_iPhone = UIInterfaceOrientationPortrait;
				IPHONEOS_DEPLOYMENT_TARGET = 15.0;
				LD_RUNPATH_SEARCH_PATHS = "@executable_path/Frameworks";
				"LD_RUNPATH_SEARCH_PATHS[sdk=macosx*]" = "@executable_path/../Frameworks";
				MACOSX_DEPLOYMENT_TARGET = 12.0;
				MARKETING_VERSION = 2.4;
				PRODUCT_BUNDLE_IDENTIFIER = com.chargertech.Lyrics;
				PRODUCT_NAME = "$(TARGET_NAME)";
				PROVISIONING_PROFILE_SPECIFIER = "";
				SDKROOT = auto;
				SUPPORTED_PLATFORMS = "iphoneos iphonesimulator";
				SUPPORTS_MACCATALYST = NO;
				SUPPORTS_MAC_DESIGNED_FOR_IPHONE_IPAD = YES;
				SUPPORTS_XR_DESIGNED_FOR_IPHONE_IPAD = YES;
				SWIFT_EMIT_LOC_STRINGS = YES;
				SWIFT_VERSION = 5.0;
				TARGETED_DEVICE_FAMILY = "1,2";
			};
			name = Debug;
		};
		E04247712A02EF4F00CA48B3 /* Release */ = {
			isa = XCBuildConfiguration;
			buildSettings = {
				ASSETCATALOG_COMPILER_APPICON_NAME = AppIcon;
				ASSETCATALOG_COMPILER_GLOBAL_ACCENT_COLOR_NAME = AccentColor;
				ASSETCATALOG_COMPILER_INCLUDE_ALL_APPICON_ASSETS = NO;
				CODE_SIGN_ENTITLEMENTS = Lyrics/Lyrics.entitlements;
				CODE_SIGN_IDENTITY = "Apple Development";
				CODE_SIGN_STYLE = Automatic;
				CURRENT_PROJECT_VERSION = 1;
				DEAD_CODE_STRIPPING = YES;
				DEVELOPMENT_ASSET_PATHS = "\"Lyrics/Preview Content\"";
				DEVELOPMENT_TEAM = Y22PRZL3N4;
				ENABLE_HARDENED_RUNTIME = YES;
				ENABLE_PREVIEWS = YES;
				GENERATE_INFOPLIST_FILE = YES;
				INFOPLIST_FILE = Lyrics/Info.plist;
				INFOPLIST_KEY_CFBundleDisplayName = "Live Lyrics";
				INFOPLIST_KEY_LSApplicationCategoryType = "public.app-category.productivity";
				"INFOPLIST_KEY_UIApplicationSceneManifest_Generation[sdk=iphoneos*]" = YES;
				"INFOPLIST_KEY_UIApplicationSceneManifest_Generation[sdk=iphonesimulator*]" = YES;
				"INFOPLIST_KEY_UIApplicationSupportsIndirectInputEvents[sdk=iphoneos*]" = YES;
				"INFOPLIST_KEY_UIApplicationSupportsIndirectInputEvents[sdk=iphonesimulator*]" = YES;
				"INFOPLIST_KEY_UILaunchScreen_Generation[sdk=iphoneos*]" = YES;
				"INFOPLIST_KEY_UILaunchScreen_Generation[sdk=iphonesimulator*]" = YES;
				INFOPLIST_KEY_UIStatusBarStyle = "";
				"INFOPLIST_KEY_UIStatusBarStyle[sdk=iphoneos*]" = UIStatusBarStyleDefault;
				"INFOPLIST_KEY_UIStatusBarStyle[sdk=iphonesimulator*]" = UIStatusBarStyleDefault;
				INFOPLIST_KEY_UISupportedInterfaceOrientations_iPad = "UIInterfaceOrientationPortrait UIInterfaceOrientationPortraitUpsideDown UIInterfaceOrientationLandscapeLeft UIInterfaceOrientationLandscapeRight";
				INFOPLIST_KEY_UISupportedInterfaceOrientations_iPhone = UIInterfaceOrientationPortrait;
				IPHONEOS_DEPLOYMENT_TARGET = 15.0;
				LD_RUNPATH_SEARCH_PATHS = "@executable_path/Frameworks";
				"LD_RUNPATH_SEARCH_PATHS[sdk=macosx*]" = "@executable_path/../Frameworks";
				MACOSX_DEPLOYMENT_TARGET = 12.0;
				MARKETING_VERSION = 2.4;
				PRODUCT_BUNDLE_IDENTIFIER = com.chargertech.Lyrics;
				PRODUCT_NAME = "$(TARGET_NAME)";
				PROVISIONING_PROFILE_SPECIFIER = "";
				SDKROOT = auto;
				SUPPORTED_PLATFORMS = "iphoneos iphonesimulator";
				SUPPORTS_MACCATALYST = NO;
				SUPPORTS_MAC_DESIGNED_FOR_IPHONE_IPAD = YES;
				SUPPORTS_XR_DESIGNED_FOR_IPHONE_IPAD = YES;
				SWIFT_EMIT_LOC_STRINGS = YES;
				SWIFT_VERSION = 5.0;
				TARGETED_DEVICE_FAMILY = "1,2";
			};
			name = Release;
		};
		E04247732A02EF4F00CA48B3 /* Debug */ = {
			isa = XCBuildConfiguration;
			buildSettings = {
				ALWAYS_EMBED_SWIFT_STANDARD_LIBRARIES = YES;
				BUNDLE_LOADER = "$(TEST_HOST)";
				CODE_SIGN_STYLE = Automatic;
				CURRENT_PROJECT_VERSION = 1;
				DEAD_CODE_STRIPPING = YES;
				DEVELOPMENT_TEAM = Y22PRZL3N4;
				GENERATE_INFOPLIST_FILE = YES;
				IPHONEOS_DEPLOYMENT_TARGET = 16.4;
				MACOSX_DEPLOYMENT_TARGET = 13.3;
				MARKETING_VERSION = 1.0;
				PRODUCT_BUNDLE_IDENTIFIER = com.chargertech.LyricsTests;
				PRODUCT_NAME = "$(TARGET_NAME)";
				SDKROOT = auto;
				SUPPORTED_PLATFORMS = "iphoneos iphonesimulator macosx";
				SWIFT_EMIT_LOC_STRINGS = NO;
				SWIFT_VERSION = 5.0;
				TARGETED_DEVICE_FAMILY = "1,2";
				TEST_HOST = "$(BUILT_PRODUCTS_DIR)/Lyrics.app/$(BUNDLE_EXECUTABLE_FOLDER_PATH)/Lyrics";
			};
			name = Debug;
		};
		E04247742A02EF4F00CA48B3 /* Release */ = {
			isa = XCBuildConfiguration;
			buildSettings = {
				ALWAYS_EMBED_SWIFT_STANDARD_LIBRARIES = YES;
				BUNDLE_LOADER = "$(TEST_HOST)";
				CODE_SIGN_STYLE = Automatic;
				CURRENT_PROJECT_VERSION = 1;
				DEAD_CODE_STRIPPING = YES;
				DEVELOPMENT_TEAM = Y22PRZL3N4;
				GENERATE_INFOPLIST_FILE = YES;
				IPHONEOS_DEPLOYMENT_TARGET = 16.4;
				MACOSX_DEPLOYMENT_TARGET = 13.3;
				MARKETING_VERSION = 1.0;
				PRODUCT_BUNDLE_IDENTIFIER = com.chargertech.LyricsTests;
				PRODUCT_NAME = "$(TARGET_NAME)";
				SDKROOT = auto;
				SUPPORTED_PLATFORMS = "iphoneos iphonesimulator macosx";
				SWIFT_EMIT_LOC_STRINGS = NO;
				SWIFT_VERSION = 5.0;
				TARGETED_DEVICE_FAMILY = "1,2";
				TEST_HOST = "$(BUILT_PRODUCTS_DIR)/Lyrics.app/$(BUNDLE_EXECUTABLE_FOLDER_PATH)/Lyrics";
			};
			name = Release;
		};
		E04247762A02EF4F00CA48B3 /* Debug */ = {
			isa = XCBuildConfiguration;
			buildSettings = {
				ALWAYS_EMBED_SWIFT_STANDARD_LIBRARIES = YES;
				CODE_SIGN_STYLE = Automatic;
				CURRENT_PROJECT_VERSION = 1;
				DEAD_CODE_STRIPPING = YES;
				DEVELOPMENT_TEAM = Y22PRZL3N4;
				GENERATE_INFOPLIST_FILE = YES;
				IPHONEOS_DEPLOYMENT_TARGET = 16.4;
				MACOSX_DEPLOYMENT_TARGET = 13.3;
				MARKETING_VERSION = 1.0;
				PRODUCT_BUNDLE_IDENTIFIER = com.chargertech.LyricsUITests;
				PRODUCT_NAME = "$(TARGET_NAME)";
				SDKROOT = auto;
				SUPPORTED_PLATFORMS = "iphoneos iphonesimulator macosx";
				SWIFT_EMIT_LOC_STRINGS = NO;
				SWIFT_VERSION = 5.0;
				TARGETED_DEVICE_FAMILY = "1,2";
				TEST_TARGET_NAME = Lyrics;
			};
			name = Debug;
		};
		E04247772A02EF4F00CA48B3 /* Release */ = {
			isa = XCBuildConfiguration;
			buildSettings = {
				ALWAYS_EMBED_SWIFT_STANDARD_LIBRARIES = YES;
				CODE_SIGN_STYLE = Automatic;
				CURRENT_PROJECT_VERSION = 1;
				DEAD_CODE_STRIPPING = YES;
				DEVELOPMENT_TEAM = Y22PRZL3N4;
				GENERATE_INFOPLIST_FILE = YES;
				IPHONEOS_DEPLOYMENT_TARGET = 16.4;
				MACOSX_DEPLOYMENT_TARGET = 13.3;
				MARKETING_VERSION = 1.0;
				PRODUCT_BUNDLE_IDENTIFIER = com.chargertech.LyricsUITests;
				PRODUCT_NAME = "$(TARGET_NAME)";
				SDKROOT = auto;
				SUPPORTED_PLATFORMS = "iphoneos iphonesimulator macosx";
				SWIFT_EMIT_LOC_STRINGS = NO;
				SWIFT_VERSION = 5.0;
				TARGETED_DEVICE_FAMILY = "1,2";
				TEST_TARGET_NAME = Lyrics;
			};
			name = Release;
		};
/* End XCBuildConfiguration section */

/* Begin XCConfigurationList section */
		E04247452A02EF4E00CA48B3 /* Build configuration list for PBXProject "Lyrics" */ = {
			isa = XCConfigurationList;
			buildConfigurations = (
				E042476D2A02EF4F00CA48B3 /* Debug */,
				E042476E2A02EF4F00CA48B3 /* Release */,
			);
			defaultConfigurationIsVisible = 0;
			defaultConfigurationName = Release;
		};
		E042476F2A02EF4F00CA48B3 /* Build configuration list for PBXNativeTarget "Lyrics" */ = {
			isa = XCConfigurationList;
			buildConfigurations = (
				E04247702A02EF4F00CA48B3 /* Debug */,
				E04247712A02EF4F00CA48B3 /* Release */,
			);
			defaultConfigurationIsVisible = 0;
			defaultConfigurationName = Release;
		};
		E04247722A02EF4F00CA48B3 /* Build configuration list for PBXNativeTarget "LyricsTests" */ = {
			isa = XCConfigurationList;
			buildConfigurations = (
				E04247732A02EF4F00CA48B3 /* Debug */,
				E04247742A02EF4F00CA48B3 /* Release */,
			);
			defaultConfigurationIsVisible = 0;
			defaultConfigurationName = Release;
		};
		E04247752A02EF4F00CA48B3 /* Build configuration list for PBXNativeTarget "LyricsUITests" */ = {
			isa = XCConfigurationList;
			buildConfigurations = (
				E04247762A02EF4F00CA48B3 /* Debug */,
				E04247772A02EF4F00CA48B3 /* Release */,
			);
			defaultConfigurationIsVisible = 0;
			defaultConfigurationName = Release;
		};
/* End XCConfigurationList section */

/* Begin XCRemoteSwiftPackageReference section */
		E0019D292BC7257000DABECB /* XCRemoteSwiftPackageReference "swiftui-introspect" */ = {
			isa = XCRemoteSwiftPackageReference;
			repositoryURL = "https://github.com/siteline/swiftui-introspect.git";
			requirement = {
				kind = upToNextMajorVersion;
				minimumVersion = 1.1.3;
			};
		};
		E03540F72BC05A3400273830 /* XCRemoteSwiftPackageReference "firebase-ios-sdk" */ = {
			isa = XCRemoteSwiftPackageReference;
			repositoryURL = "https://github.com/firebase/firebase-ios-sdk";
			requirement = {
				kind = upToNextMajorVersion;
				minimumVersion = 10.23.1;
			};
		};
		E0867CEF2BD5989B005605CD /* XCRemoteSwiftPackageReference "BottomSheet" */ = {
			isa = XCRemoteSwiftPackageReference;
			repositoryURL = "https://github.com/adamfootdev/BottomSheet";
			requirement = {
				kind = upToNextMajorVersion;
				minimumVersion = 0.2.4;
			};
		};
		E0C138DE2BBCAB12003C0D10 /* XCRemoteSwiftPackageReference "swift-package-manager-google-mobile-ads" */ = {
			isa = XCRemoteSwiftPackageReference;
			repositoryURL = "https://github.com/googleads/swift-package-manager-google-mobile-ads.git";
			requirement = {
				kind = upToNextMajorVersion;
				minimumVersion = 11.2.0;
			};
		};
/* End XCRemoteSwiftPackageReference section */

/* Begin XCSwiftPackageProductDependency section */
		E0019D2A2BC7257000DABECB /* SwiftUIIntrospect */ = {
			isa = XCSwiftPackageProductDependency;
			package = E0019D292BC7257000DABECB /* XCRemoteSwiftPackageReference "swiftui-introspect" */;
			productName = SwiftUIIntrospect;
		};
		E03540F82BC05A3400273830 /* FirebaseAnalytics */ = {
			isa = XCSwiftPackageProductDependency;
			package = E03540F72BC05A3400273830 /* XCRemoteSwiftPackageReference "firebase-ios-sdk" */;
			productName = FirebaseAnalytics;
		};
		E03540FA2BC05A3400273830 /* FirebaseAuth */ = {
			isa = XCSwiftPackageProductDependency;
			package = E03540F72BC05A3400273830 /* XCRemoteSwiftPackageReference "firebase-ios-sdk" */;
			productName = FirebaseAuth;
		};
		E03540FC2BC05A3400273830 /* FirebaseFirestore */ = {
			isa = XCSwiftPackageProductDependency;
			package = E03540F72BC05A3400273830 /* XCRemoteSwiftPackageReference "firebase-ios-sdk" */;
			productName = FirebaseFirestore;
		};
		E03540FE2BC05A3400273830 /* FirebaseFirestoreSwift */ = {
			isa = XCSwiftPackageProductDependency;
			package = E03540F72BC05A3400273830 /* XCRemoteSwiftPackageReference "firebase-ios-sdk" */;
			productName = FirebaseFirestoreSwift;
		};
		E03541002BC05A3400273830 /* FirebaseMessaging */ = {
			isa = XCSwiftPackageProductDependency;
			package = E03540F72BC05A3400273830 /* XCRemoteSwiftPackageReference "firebase-ios-sdk" */;
			productName = FirebaseMessaging;
		};
		E03541022BC05A3400273830 /* FirebaseRemoteConfig */ = {
			isa = XCSwiftPackageProductDependency;
			package = E03540F72BC05A3400273830 /* XCRemoteSwiftPackageReference "firebase-ios-sdk" */;
			productName = FirebaseRemoteConfig;
		};
		E03541042BC05A3400273830 /* FirebaseRemoteConfigSwift */ = {
			isa = XCSwiftPackageProductDependency;
			package = E03540F72BC05A3400273830 /* XCRemoteSwiftPackageReference "firebase-ios-sdk" */;
			productName = FirebaseRemoteConfigSwift;
		};
		E0867CF02BD5989B005605CD /* BottomSheet */ = {
			isa = XCSwiftPackageProductDependency;
			package = E0867CEF2BD5989B005605CD /* XCRemoteSwiftPackageReference "BottomSheet" */;
			productName = BottomSheet;
		};
		E0C138DF2BBCAB12003C0D10 /* GoogleMobileAds */ = {
			isa = XCSwiftPackageProductDependency;
			package = E0C138DE2BBCAB12003C0D10 /* XCRemoteSwiftPackageReference "swift-package-manager-google-mobile-ads" */;
			productName = GoogleMobileAds;
		};
/* End XCSwiftPackageProductDependency section */
	};
	rootObject = E04247422A02EF4E00CA48B3 /* Project object */;
}
